{
  "originHash" : "b159f0a20b9c47bf2fae7b8e8322b8f3fff96046592270bf1b94b96530aa91b0",
  "pins" : [
    {
      "identity" : "combine-schedulers",
      "kind" : "remoteSourceControl",
      "location" : "https://github.com/pointfreeco/combine-schedulers",
      "state" : {
        "revision" : "ec62f32d21584214a4b27c8cee2b2ad70ab2c38a",
        "version" : "0.11.0"
      }
    },
    {
      "identity" : "keychainaccess",
      "kind" : "remoteSourceControl",
      "location" : "https://github.com/kishikawakatsumi/KeychainAccess.git",
      "state" : {
        "branch" : "master",
        "revision" : "e0c7eebc5a4465a3c4680764f26b7a61f567cdaf"
      }
    },
    {
      "identity" : "lemmymarkdownui",
      "kind" : "remoteSourceControl",
      "location" : "https://github.com/mlemgroup/LemmyMarkdownUI",
      "state" : {
        "revision" : "c2e046ffb8573af4c826ef5570d9bdd79624c299",
        "version" : "0.2.1"
      }
    },
    {
      "identity" : "mlemmiddleware",
      "kind" : "remoteSourceControl",
      "location" : "https://github.com/mlemgroup/MlemMiddleware.git",
      "state" : {
        "revision" : "91b9213d84361f2c7281912d2c16a49c0ed09a06",
        "version" : "0.19.0"
      }
    },
    {
      "identity" : "nuke",
      "kind" : "remoteSourceControl",
      "location" : "https://github.com/kean/Nuke",
      "state" : {
        "revision" : "0ead44350d2737db384908569c012fe67c421e4d",
        "version" : "12.8.0"
      }
    },
    {
      "identity" : "semaphore",
      "kind" : "remoteSourceControl",
      "location" : "https://github.com/groue/Semaphore",
      "state" : {
        "revision" : "f1c4a0acabeb591068dea6cffdd39660b86dec28",
        "version" : "0.0.8"
      }
    },
    {
      "identity" : "swift-clocks",
      "kind" : "remoteSourceControl",
      "location" : "https://github.com/pointfreeco/swift-clocks",
      "state" : {
        "revision" : "0fbaebfc013715dab44d715a4d350ba37f297e4d",
        "version" : "0.4.0"
      }
    },
    {
      "identity" : "swift-concurrency-extras",
      "kind" : "remoteSourceControl",
      "location" : "https://github.com/pointfreeco/swift-concurrency-extras",
      "state" : {
        "revision" : "479750bd98fac2e813fffcf2af0728b5b0085795",
        "version" : "0.1.1"
      }
    },
    {
      "identity" : "swift-dependencies",
      "kind" : "remoteSourceControl",
      "location" : "https://github.com/pointfreeco/swift-dependencies",
      "state" : {
        "revision" : "16fd42ae04c6e7f74a6a86395d04722c641cccee",
        "version" : "0.6.0"
      }
    },
    {
      "identity" : "swiftui-introspect",
      "kind" : "remoteSourceControl",
      "location" : "https://github.com/siteline/SwiftUI-Introspect",
      "state" : {
        "revision" : "807f73ce09a9b9723f12385e592b4e0aaebd3336",
        "version" : "1.3.0"
      }
    },
    {
      "identity" : "xctest-dynamic-overlay",
      "kind" : "remoteSourceControl",
      "location" : "https://github.com/pointfreeco/xctest-dynamic-overlay",
      "state" : {
        "revision" : "50843cbb8551db836adec2290bb4bc6bac5c1865",
        "version" : "0.9.0"
      }
    }
  ],
  "version" : 3
}
