// !$*UTF8*$!
{
	archiveVersion = 1;
	classes = {
	};
	objectVersion = 55;
	objects = {

/* Begin PBXBuildFile section */
		030FF6792BC84F7E00F6BFAC /* SwiftUIIntrospect in Frameworks */ = {isa = PBXBuildFile; productRef = 030FF6782BC84F7E00F6BFAC /* SwiftUIIntrospect */; };
		030FF67B2BC8521600F6BFAC /* CustomTabView.swift in Sources */ = {isa = PBXBuildFile; fileRef = 030FF67A2BC8521600F6BFAC /* CustomTabView.swift */; };
		030FF67D2BC8524500F6BFAC /* CustomTabItem.swift in Sources */ = {isa = PBXBuildFile; fileRef = 030FF67C2BC8524500F6BFAC /* CustomTabItem.swift */; };
		030FF67F2BC8544700F6BFAC /* CustomTabBarController.swift in Sources */ = {isa = PBXBuildFile; fileRef = 030FF67E2BC8544600F6BFAC /* CustomTabBarController.swift */; };
		030FF6812BC859FD00F6BFAC /* CustomTabViewHostingController.swift in Sources */ = {isa = PBXBuildFile; fileRef = 030FF6802BC859FD00F6BFAC /* CustomTabViewHostingController.swift */; };
		03134A4D2BEAD058002662CC /* AvatarView.swift in Sources */ = {isa = PBXBuildFile; fileRef = 03134A4C2BEAD058002662CC /* AvatarView.swift */; };
		03134A502BEAD245002662CC /* NavigationLink+NavigationPage.swift in Sources */ = {isa = PBXBuildFile; fileRef = 03134A4F2BEAD245002662CC /* NavigationLink+NavigationPage.swift */; };
		03134A522BEAD69F002662CC /* SettingsPage.swift in Sources */ = {isa = PBXBuildFile; fileRef = 03134A512BEAD69F002662CC /* SettingsPage.swift */; };
		03134A582BEC1C46002662CC /* AccountListSettingsView.swift in Sources */ = {isa = PBXBuildFile; fileRef = 03134A572BEC1C46002662CC /* AccountListSettingsView.swift */; };
		03134A5A2BEC2253002662CC /* AvatarStackView.swift in Sources */ = {isa = PBXBuildFile; fileRef = 03134A592BEC2253002662CC /* AvatarStackView.swift */; };
		031E2D512BEF961D0003BC45 /* SubscriptionListView.swift in Sources */ = {isa = PBXBuildFile; fileRef = 031E2D502BEF961D0003BC45 /* SubscriptionListView.swift */; };
		031E2D5B2BEFC9460003BC45 /* ThemeSettingsView.swift in Sources */ = {isa = PBXBuildFile; fileRef = 031E2D5A2BEFC9460003BC45 /* ThemeSettingsView.swift */; };
		031E2D5D2BEFCC630003BC45 /* SettingsView.swift in Sources */ = {isa = PBXBuildFile; fileRef = 031E2D5C2BEFCC630003BC45 /* SettingsView.swift */; };
		03267D822BED489C009D6268 /* AvatarBannerView.swift in Sources */ = {isa = PBXBuildFile; fileRef = 03267D812BED489C009D6268 /* AvatarBannerView.swift */; };
		03267D842BED49CE009D6268 /* AccountSettingsView.swift in Sources */ = {isa = PBXBuildFile; fileRef = 03267D832BED49CE009D6268 /* AccountSettingsView.swift */; };
		034B947F2C091EDD00039AF4 /* ProfileHeaderView.swift in Sources */ = {isa = PBXBuildFile; fileRef = 034B947E2C091EDD00039AF4 /* ProfileHeaderView.swift */; };
		034B94812C09306D00039AF4 /* CommunityOrPersonStub+Extensions.swift in Sources */ = {isa = PBXBuildFile; fileRef = 034B94802C09306D00039AF4 /* CommunityOrPersonStub+Extensions.swift */; };
		034B94832C09340A00039AF4 /* MarkdownConfiguration+Extensions.swift in Sources */ = {isa = PBXBuildFile; fileRef = 034B94822C09340A00039AF4 /* MarkdownConfiguration+Extensions.swift */; };
		034B94852C09348400039AF4 /* MarkdownImageView.swift in Sources */ = {isa = PBXBuildFile; fileRef = 034B94842C09348400039AF4 /* MarkdownImageView.swift */; };
		034B94872C09350500039AF4 /* BubblePicker.swift in Sources */ = {isa = PBXBuildFile; fileRef = 034B94862C09350500039AF4 /* BubblePicker.swift */; };
		034B94892C09360A00039AF4 /* Int+Extensions.swift in Sources */ = {isa = PBXBuildFile; fileRef = 034B94882C09360A00039AF4 /* Int+Extensions.swift */; };
		034B948C2C09364000039AF4 /* ChildSizeReader.swift in Sources */ = {isa = PBXBuildFile; fileRef = 034B948B2C09364000039AF4 /* ChildSizeReader.swift */; };
		034B948E2C0937BA00039AF4 /* FancyScrollView.swift in Sources */ = {isa = PBXBuildFile; fileRef = 034B948D2C0937BA00039AF4 /* FancyScrollView.swift */; };
		03500C222BF5594100CAA076 /* ToastType.swift in Sources */ = {isa = PBXBuildFile; fileRef = 03500C212BF5594100CAA076 /* ToastType.swift */; };
		03500C242BF55D0E00CAA076 /* Toast.swift in Sources */ = {isa = PBXBuildFile; fileRef = 03500C232BF55D0E00CAA076 /* Toast.swift */; };
		03500C272BF69D1D00CAA076 /* ToastModel.swift in Sources */ = {isa = PBXBuildFile; fileRef = 03500C262BF69D1D00CAA076 /* ToastModel.swift */; };
		03500C2B2BF7F1B100CAA076 /* ToastOverlayView.swift in Sources */ = {isa = PBXBuildFile; fileRef = 03500C2A2BF7F1B100CAA076 /* ToastOverlayView.swift */; };
		03500C2D2BF7FC2500CAA076 /* ToastView.swift in Sources */ = {isa = PBXBuildFile; fileRef = 03500C2C2BF7FC2500CAA076 /* ToastView.swift */; };
		03500C2E2BF8C2A700CAA076 /* MlemMiddleware in Frameworks */ = {isa = PBXBuildFile; productRef = CD59DE2B2BE467E600445EED /* MlemMiddleware */; };
		0355F9462C150B2300605248 /* ExternalApiInfoView.swift in Sources */ = {isa = PBXBuildFile; fileRef = 0355F9452C150B2300605248 /* ExternalApiInfoView.swift */; };
		0355F9492C16406E00605248 /* Line.swift in Sources */ = {isa = PBXBuildFile; fileRef = 0355F9482C16406E00605248 /* Line.swift */; };
		035BE0872BDD8DA000F77D73 /* NavigationRootView.swift in Sources */ = {isa = PBXBuildFile; fileRef = 035BE0862BDD8DA000F77D73 /* NavigationRootView.swift */; };
		035BE0892BDD901B00F77D73 /* NavigationPage.swift in Sources */ = {isa = PBXBuildFile; fileRef = 035BE0882BDD901B00F77D73 /* NavigationPage.swift */; };
		035BE08B2BDD903100F77D73 /* NavigationModel.swift in Sources */ = {isa = PBXBuildFile; fileRef = 035BE08A2BDD903100F77D73 /* NavigationModel.swift */; };
		035BE08D2BDE88EC00F77D73 /* NavigationLayerView.swift in Sources */ = {isa = PBXBuildFile; fileRef = 035BE08C2BDE88EC00F77D73 /* NavigationLayerView.swift */; };
		035BE08F2BDE911900F77D73 /* NavigationLayer.swift in Sources */ = {isa = PBXBuildFile; fileRef = 035BE08E2BDE911900F77D73 /* NavigationLayer.swift */; };
		035BE0912BDEA01E00F77D73 /* NavigationPage+View.swift in Sources */ = {isa = PBXBuildFile; fileRef = 035BE0902BDEA01E00F77D73 /* NavigationPage+View.swift */; };
		0369B3532BFA514B001EFEDF /* ToastLocation.swift in Sources */ = {isa = PBXBuildFile; fileRef = 0369B3522BFA514B001EFEDF /* ToastLocation.swift */; };
		0369B3562BFA6824001EFEDF /* InboxView.swift in Sources */ = {isa = PBXBuildFile; fileRef = 0369B3552BFA6824001EFEDF /* InboxView.swift */; };
		0369B35D2BFB86E3001EFEDF /* Account.swift in Sources */ = {isa = PBXBuildFile; fileRef = 0369B35A2BFB86E3001EFEDF /* Account.swift */; };
		036CC3AF2B8145C30098B6A1 /* AppState.swift in Sources */ = {isa = PBXBuildFile; fileRef = 036CC3AE2B8145C30098B6A1 /* AppState.swift */; };
		037386472BDAFE81007492B5 /* LemmyMarkdownUI in Frameworks */ = {isa = PBXBuildFile; productRef = 037386462BDAFE81007492B5 /* LemmyMarkdownUI */; };
		037658DF2BE7D9EF00F4DD4D /* Community1Providing+Extensions.swift in Sources */ = {isa = PBXBuildFile; fileRef = 037658DE2BE7D9EF00F4DD4D /* Community1Providing+Extensions.swift */; };
		0382A7F02C09F0F800C79DDA /* PersonView.swift in Sources */ = {isa = PBXBuildFile; fileRef = 0382A7EF2C09F0F800C79DDA /* PersonView.swift */; };
		0382A7F22C0A758E00C79DDA /* ProfileDateView.swift in Sources */ = {isa = PBXBuildFile; fileRef = 0382A7F12C0A758E00C79DDA /* ProfileDateView.swift */; };
		0382A7F42C0A76A900C79DDA /* Date+Extensions.swift in Sources */ = {isa = PBXBuildFile; fileRef = 0382A7F32C0A76A900C79DDA /* Date+Extensions.swift */; };
		039EFEC32BEEBEE0003AC372 /* LoginInstancePickerView.swift in Sources */ = {isa = PBXBuildFile; fileRef = 039EFEC22BEEBEE0003AC372 /* LoginInstancePickerView.swift */; };
		03A82FA12C0D1E8500D01A5C /* ApiClient+Extensions.swift in Sources */ = {isa = PBXBuildFile; fileRef = 03A82FA02C0D1E8500D01A5C /* ApiClient+Extensions.swift */; };
		03A82FA32C0D1F2400D01A5C /* View+ExternalApiWarning.swift in Sources */ = {isa = PBXBuildFile; fileRef = 03A82FA22C0D1F2400D01A5C /* View+ExternalApiWarning.swift */; };
		03C93CF02BEFFB1A00327BFE /* LoginCredentialsView.swift in Sources */ = {isa = PBXBuildFile; fileRef = 03C93CEF2BEFFB1A00327BFE /* LoginCredentialsView.swift */; };
		03C93CF22BF0256700327BFE /* EnvironmentValue+IsRootView.swift in Sources */ = {isa = PBXBuildFile; fileRef = 03C93CF12BF0256700327BFE /* EnvironmentValue+IsRootView.swift */; };
		03CCDAA02BF2795300C0C851 /* LoginPage.swift in Sources */ = {isa = PBXBuildFile; fileRef = 03CCDA9F2BF2795300C0C851 /* LoginPage.swift */; };
		03CCDAA42BF2852E00C0C851 /* LoginTotpView.swift in Sources */ = {isa = PBXBuildFile; fileRef = 03CCDAA32BF2852E00C0C851 /* LoginTotpView.swift */; };
		03D2A6372C00F92400ED4FF2 /* Session.swift in Sources */ = {isa = PBXBuildFile; fileRef = 03D2A6362C00F92400ED4FF2 /* Session.swift */; };
		03D2A6392C00FAE000ED4FF2 /* UserAccount.swift in Sources */ = {isa = PBXBuildFile; fileRef = 03D2A6382C00FAE000ED4FF2 /* UserAccount.swift */; };
		03D2A63B2C010B7500ED4FF2 /* GuestAccount.swift in Sources */ = {isa = PBXBuildFile; fileRef = 03D2A63A2C010B7500ED4FF2 /* GuestAccount.swift */; };
		03D2A63D2C010CD400ED4FF2 /* UserSession.swift in Sources */ = {isa = PBXBuildFile; fileRef = 03D2A63C2C010CD400ED4FF2 /* UserSession.swift */; };
		03D2A63F2C010DBF00ED4FF2 /* GuestSession.swift in Sources */ = {isa = PBXBuildFile; fileRef = 03D2A63E2C010DBF00ED4FF2 /* GuestSession.swift */; };
		03D2A6422C011F4A00ED4FF2 /* AccountListRowBody.swift in Sources */ = {isa = PBXBuildFile; fileRef = 03D2A6412C011F4A00ED4FF2 /* AccountListRowBody.swift */; };
		03D3A1D42BB88EF1009DE55E /* Action.swift in Sources */ = {isa = PBXBuildFile; fileRef = 03D3A1D32BB88EF1009DE55E /* Action.swift */; };
		03D3A1E32BB8A40A009DE55E /* EmptyButtonStyle.swift in Sources */ = {isa = PBXBuildFile; fileRef = 03D3A1E22BB8A40A009DE55E /* EmptyButtonStyle.swift */; };
		03D3A1E52BB8B7A3009DE55E /* ActionType.swift in Sources */ = {isa = PBXBuildFile; fileRef = 03D3A1E42BB8B7A3009DE55E /* ActionType.swift */; };
		03D3A1EF2BB9CA1D009DE55E /* MenuButton.swift in Sources */ = {isa = PBXBuildFile; fileRef = 03D3A1EE2BB9CA1D009DE55E /* MenuButton.swift */; };
		03D3A1F12BB9D48E009DE55E /* BasicAction.swift in Sources */ = {isa = PBXBuildFile; fileRef = 03D3A1F02BB9D48E009DE55E /* BasicAction.swift */; };
		03D3A1F32BB9D49B009DE55E /* ActionGroup.swift in Sources */ = {isa = PBXBuildFile; fileRef = 03D3A1F22BB9D49B009DE55E /* ActionGroup.swift */; };
		03E614DB2C0B596900F692A4 /* ToolbarEllipsisMenu.swift in Sources */ = {isa = PBXBuildFile; fileRef = 03E614DA2C0B596900F692A4 /* ToolbarEllipsisMenu.swift */; };
		03E614E22C0BCC4300F692A4 /* Profile1Providing+Extensions.swift in Sources */ = {isa = PBXBuildFile; fileRef = 03267D852BED4ACA009D6268 /* Profile1Providing+Extensions.swift */; };
		03E614E42C0BCC7B00F692A4 /* Post1Providing+Extensions.swift in Sources */ = {isa = PBXBuildFile; fileRef = 03E614E32C0BCC7B00F692A4 /* Post1Providing+Extensions.swift */; };
		03E614E52C0BCCAA00F692A4 /* PostSize.swift in Sources */ = {isa = PBXBuildFile; fileRef = CDB2EC7A2BFADA8B00DBC0EF /* PostSize.swift */; };
		03E614E72C0BCDC200F692A4 /* FullyQualifiedLinkView.swift in Sources */ = {isa = PBXBuildFile; fileRef = 03E614E62C0BCDC200F692A4 /* FullyQualifiedLinkView.swift */; };
		03FE14042BF93FDD00A8377F /* ErrorDetails.swift in Sources */ = {isa = PBXBuildFile; fileRef = 03FE14032BF93FDD00A8377F /* ErrorDetails.swift */; };
		03FE14062BF9445F00A8377F /* CloseButtonView.swift in Sources */ = {isa = PBXBuildFile; fileRef = 03FE14052BF9445F00A8377F /* CloseButtonView.swift */; };
		03FE14082BF94FFB00A8377F /* ErrorView.swift in Sources */ = {isa = PBXBuildFile; fileRef = 03FE14072BF94FFB00A8377F /* ErrorView.swift */; };
		03FE140C2BF953B000A8377F /* HandleError.swift in Sources */ = {isa = PBXBuildFile; fileRef = 03FE140B2BF953B000A8377F /* HandleError.swift */; };
		50C99B562A61D792005D57DD /* Dependencies in Frameworks */ = {isa = PBXBuildFile; productRef = 50C99B552A61D792005D57DD /* Dependencies */; };
		50CC4A702A9BD2480074C845 /* instance_metadata.json in Resources */ = {isa = PBXBuildFile; fileRef = 50CC4A6F2A9BD2470074C845 /* instance_metadata.json */; };
		6332FDBD27EFAF7C0009A98A /* Settings.bundle in Resources */ = {isa = PBXBuildFile; fileRef = 6332FDBC27EFAF7B0009A98A /* Settings.bundle */; };
		636250DC2A18111400FC59B4 /* KeychainAccess in Frameworks */ = {isa = PBXBuildFile; productRef = 636250DB2A18111400FC59B4 /* KeychainAccess */; };
		6363D5C527EE196700E34822 /* MlemApp.swift in Sources */ = {isa = PBXBuildFile; fileRef = 6363D5C427EE196700E34822 /* MlemApp.swift */; };
		6363D5C727EE196700E34822 /* ContentView.swift in Sources */ = {isa = PBXBuildFile; fileRef = 6363D5C627EE196700E34822 /* ContentView.swift */; };
		6363D5C927EE196A00E34822 /* Assets.xcassets in Resources */ = {isa = PBXBuildFile; fileRef = 6363D5C827EE196A00E34822 /* Assets.xcassets */; };
		6363D5CC27EE196A00E34822 /* Preview Assets.xcassets in Resources */ = {isa = PBXBuildFile; fileRef = 6363D5CB27EE196A00E34822 /* Preview Assets.xcassets */; };
		63DF71F12A02999C002AC14E /* AppConstants.swift in Sources */ = {isa = PBXBuildFile; fileRef = 63DF71F02A02999C002AC14E /* AppConstants.swift */; };
		6DE1183C2A4A217400810C7E /* Profile View.swift in Sources */ = {isa = PBXBuildFile; fileRef = 6DE1183B2A4A217400810C7E /* Profile View.swift */; };
		AD1B0D372A5F7A260006F554 /* Licenses.swift in Sources */ = {isa = PBXBuildFile; fileRef = AD1B0D362A5F7A260006F554 /* Licenses.swift */; };
		B104A6D82A59BF3C00B3E725 /* Nuke in Frameworks */ = {isa = PBXBuildFile; productRef = B104A6D72A59BF3C00B3E725 /* Nuke */; };
		B104A6DA2A59BF3C00B3E725 /* NukeExtensions in Frameworks */ = {isa = PBXBuildFile; productRef = B104A6D92A59BF3C00B3E725 /* NukeExtensions */; };
		B104A6DC2A59BF3C00B3E725 /* NukeUI in Frameworks */ = {isa = PBXBuildFile; productRef = B104A6DB2A59BF3C00B3E725 /* NukeUI */; };
		B104A6DE2A59BF3C00B3E725 /* NukeVideo in Frameworks */ = {isa = PBXBuildFile; productRef = B104A6DD2A59BF3C00B3E725 /* NukeVideo */; };
		B157E0C42A507B8000B02C8B /* FlowRoot.swift in Sources */ = {isa = PBXBuildFile; fileRef = B157E0C32A507B8000B02C8B /* FlowRoot.swift */; };
		B1B78D642A51D53900F72485 /* AppDelegate.swift in Sources */ = {isa = PBXBuildFile; fileRef = B1B78D632A51D53900F72485 /* AppDelegate.swift */; };
		CD1446212A5B328E00610EF1 /* Privacy Policy.swift in Sources */ = {isa = PBXBuildFile; fileRef = CD1446202A5B328E00610EF1 /* Privacy Policy.swift */; };
		CD1446252A5B357900610EF1 /* Document.swift in Sources */ = {isa = PBXBuildFile; fileRef = CD1446242A5B357900610EF1 /* Document.swift */; };
		CD1446272A5B36DA00610EF1 /* EULA.swift in Sources */ = {isa = PBXBuildFile; fileRef = CD1446262A5B36DA00610EF1 /* EULA.swift */; };
		CD317D4C2BE97FED008F63E2 /* Palette.swift in Sources */ = {isa = PBXBuildFile; fileRef = CD317D4B2BE97FED008F63E2 /* Palette.swift */; };
		CD317D4F2BE983ED008F63E2 /* MonochromePalette.swift in Sources */ = {isa = PBXBuildFile; fileRef = CD317D4E2BE983ED008F63E2 /* MonochromePalette.swift */; };
		CD4368C12AE23FD400BD8BD1 /* Semaphore in Frameworks */ = {isa = PBXBuildFile; productRef = CD4368C02AE23FD400BD8BD1 /* Semaphore */; };
		CD43E8B32BF2C24E007C3D71 /* ContentLoader.swift in Sources */ = {isa = PBXBuildFile; fileRef = CD43E8B22BF2C24E007C3D71 /* ContentLoader.swift */; };
		CD4BAD352B4B2C0B00A1E726 /* FeedsView.swift in Sources */ = {isa = PBXBuildFile; fileRef = CD4BAD342B4B2C0B00A1E726 /* FeedsView.swift */; };
		CD4D583F2B86855F00B82964 /* MlemTests.swift in Sources */ = {isa = PBXBuildFile; fileRef = CD4D583E2B86855F00B82964 /* MlemTests.swift */; };
		CD4D58412B86858100B82964 /* MlemUITests.swift in Sources */ = {isa = PBXBuildFile; fileRef = CD4D58402B86858100B82964 /* MlemUITests.swift */; };
		CD4D58932B86BA5C00B82964 /* StandardPalette.swift in Sources */ = {isa = PBXBuildFile; fileRef = CD4D58922B86BA5C00B82964 /* StandardPalette.swift */; };
		CD4D58A52B86BD1B00B82964 /* PersistenceRepository.swift in Sources */ = {isa = PBXBuildFile; fileRef = CD4D58A42B86BD1B00B82964 /* PersistenceRepository.swift */; };
		CD4D58AA2B86BE5900B82964 /* AccountListView.swift in Sources */ = {isa = PBXBuildFile; fileRef = CD4D58A92B86BE5900B82964 /* AccountListView.swift */; };
		CD4D58AD2B86BE7100B82964 /* QuickSwitcherView.swift in Sources */ = {isa = PBXBuildFile; fileRef = CD4D58AC2B86BE7100B82964 /* QuickSwitcherView.swift */; };
		CD4D58B32B86BFD400B82964 /* AccountsTracker.swift in Sources */ = {isa = PBXBuildFile; fileRef = CD4D58B22B86BFD400B82964 /* AccountsTracker.swift */; };
		CD4D58B52B86BFFB00B82964 /* PersistenceRepository+Dependency.swift in Sources */ = {isa = PBXBuildFile; fileRef = CD4D58B42B86BFFA00B82964 /* PersistenceRepository+Dependency.swift */; };
		CD4D58B92B86D9F800B82964 /* AccountListRow.swift in Sources */ = {isa = PBXBuildFile; fileRef = CD4D58B82B86D9F800B82964 /* AccountListRow.swift */; };
		CD4D58BB2B86DA7D00B82964 /* AccountListView+Logic.swift in Sources */ = {isa = PBXBuildFile; fileRef = CD4D58BA2B86DA7D00B82964 /* AccountListView+Logic.swift */; };
		CD4D58C02B86DBD100B82964 /* DefaultAvatarView.swift in Sources */ = {isa = PBXBuildFile; fileRef = CD4D58BF2B86DBD100B82964 /* DefaultAvatarView.swift */; };
		CD4D58C82B86DCED00B82964 /* AvatarType.swift in Sources */ = {isa = PBXBuildFile; fileRef = CD4D58C72B86DCED00B82964 /* AvatarType.swift */; };
		CD4D58CB2B86DD3D00B82964 /* AssociatedIcon.swift in Sources */ = {isa = PBXBuildFile; fileRef = CD4D58CA2B86DD3D00B82964 /* AssociatedIcon.swift */; };
		CD4D58CF2B86DDEC00B82964 /* AccountSortMode.swift in Sources */ = {isa = PBXBuildFile; fileRef = CD4D58CE2B86DDEC00B82964 /* AccountSortMode.swift */; };
		CD4D58DA2B86E11D00B82964 /* Mockable.swift in Sources */ = {isa = PBXBuildFile; fileRef = CD4D58D92B86E11D00B82964 /* Mockable.swift */; };
		CD4D58EB2B86E63300B82964 /* AssociatedColor.swift in Sources */ = {isa = PBXBuildFile; fileRef = CD4D58EA2B86E63300B82964 /* AssociatedColor.swift */; };
		CD4D58F82B87B0D100B82964 /* InternetSpeed.swift in Sources */ = {isa = PBXBuildFile; fileRef = CD4D58F72B87B0D100B82964 /* InternetSpeed.swift */; };
		CD4D59142B87B36B00B82964 /* InternetConnectionManager.swift in Sources */ = {isa = PBXBuildFile; fileRef = CD4D59132B87B36B00B82964 /* InternetConnectionManager.swift */; };
		CD4D59162B87B38C00B82964 /* UIApplication+Extensions.swift in Sources */ = {isa = PBXBuildFile; fileRef = CD4D59152B87B38C00B82964 /* UIApplication+Extensions.swift */; };
		CD4D59182B87B3B000B82964 /* UIViewController+Extensions.swift in Sources */ = {isa = PBXBuildFile; fileRef = CD4D59172B87B3B000B82964 /* UIViewController+Extensions.swift */; };
		CD4D59202B87B63300B82964 /* SettingsOptions.swift in Sources */ = {isa = PBXBuildFile; fileRef = CD4D591F2B87B63300B82964 /* SettingsOptions.swift */; };
		CD4ED8472BF110FA00EFA0A2 /* TabReselectTracker.swift in Sources */ = {isa = PBXBuildFile; fileRef = CD4ED8462BF110FA00EFA0A2 /* TabReselectTracker.swift */; };
		CD4ED84A2BF1113800EFA0A2 /* View+TabReselectConsumer.swift in Sources */ = {isa = PBXBuildFile; fileRef = CD4ED8492BF1113800EFA0A2 /* View+TabReselectConsumer.swift */; };
		CD4ED84E2BF113C800EFA0A2 /* ExpandedPostView.swift in Sources */ = {isa = PBXBuildFile; fileRef = CD4ED84D2BF113C800EFA0A2 /* ExpandedPostView.swift */; };
		CD7882A22BFE4B47002E1A30 /* PostContext.swift in Sources */ = {isa = PBXBuildFile; fileRef = CD7882A12BFE4B47002E1A30 /* PostContext.swift */; };
		CD7882A52BFE94D2002E1A30 /* CommunityContext.swift in Sources */ = {isa = PBXBuildFile; fileRef = CD7882A42BFE94D2002E1A30 /* CommunityContext.swift */; };
		CD7882A72BFFD1A3002E1A30 /* ThumbnailLocation.swift in Sources */ = {isa = PBXBuildFile; fileRef = CD7882A62BFFD1A3002E1A30 /* ThumbnailLocation.swift */; };
		CD7882A92BFFDFC7002E1A30 /* PostTag.swift in Sources */ = {isa = PBXBuildFile; fileRef = CD7882A82BFFDFC7002E1A30 /* PostTag.swift */; };
		CD7882AB2C013005002E1A30 /* EllipsisMenu.swift in Sources */ = {isa = PBXBuildFile; fileRef = CD7882AA2C013005002E1A30 /* EllipsisMenu.swift */; };
		CDA1E8212B8FC411007953EF /* LandingPage.swift in Sources */ = {isa = PBXBuildFile; fileRef = CDA1E8202B8FC411007953EF /* LandingPage.swift */; };
		CDB2EC7D2BFADAB300DBC0EF /* CompactPostView.swift in Sources */ = {isa = PBXBuildFile; fileRef = CDB2EC7C2BFADAB300DBC0EF /* CompactPostView.swift */; };
		CDB2EC7F2BFADACC00DBC0EF /* HeadlinePostView.swift in Sources */ = {isa = PBXBuildFile; fileRef = CDB2EC7E2BFADACC00DBC0EF /* HeadlinePostView.swift */; };
		CDB2EC812BFADADF00DBC0EF /* LargePostView.swift in Sources */ = {isa = PBXBuildFile; fileRef = CDB2EC802BFADADF00DBC0EF /* LargePostView.swift */; };
		CDB2EC862BFADD7C00DBC0EF /* FullyQualifiedLabelView.swift in Sources */ = {isa = PBXBuildFile; fileRef = CDB2EC852BFADD7C00DBC0EF /* FullyQualifiedLabelView.swift */; };
		CDB2EC882BFAE14800DBC0EF /* FullyQualifiedNameView.swift in Sources */ = {isa = PBXBuildFile; fileRef = CDB2EC872BFAE14800DBC0EF /* FullyQualifiedNameView.swift */; };
		CDB2EC8A2BFAEFDF00DBC0EF /* ThumbnailImageView.swift in Sources */ = {isa = PBXBuildFile; fileRef = CDB2EC892BFAEFDF00DBC0EF /* ThumbnailImageView.swift */; };
		CDBFCB652C03920C008CD468 /* PostLinkHostView.swift in Sources */ = {isa = PBXBuildFile; fileRef = CDBFCB642C03920C008CD468 /* PostLinkHostView.swift */; };
		CDBFCB6A2C04EFFE008CD468 /* PostSettingsView.swift in Sources */ = {isa = PBXBuildFile; fileRef = CDBFCB692C04EFFE008CD468 /* PostSettingsView.swift */; };
		CDBFCB6C2C054AA7008CD468 /* TilePostView.swift in Sources */ = {isa = PBXBuildFile; fileRef = CDBFCB6B2C054AA7008CD468 /* TilePostView.swift */; };
		CDC199EA2BE449790077B4F1 /* Interactable1Providing+Extensions.swift in Sources */ = {isa = PBXBuildFile; fileRef = CDC199E92BE449790077B4F1 /* Interactable1Providing+Extensions.swift */; };
		CDE021AD2BFA43380052FD61 /* FeedPostView.swift in Sources */ = {isa = PBXBuildFile; fileRef = CDE021AC2BFA43380052FD61 /* FeedPostView.swift */; };
		CDF9EF332AB2845C003F885B /* Icons.swift in Sources */ = {isa = PBXBuildFile; fileRef = CDF9EF322AB2845C003F885B /* Icons.swift */; };
/* End PBXBuildFile section */

/* Begin PBXContainerItemProxy section */
		6363D5D727EE196A00E34822 /* PBXContainerItemProxy */ = {
			isa = PBXContainerItemProxy;
			containerPortal = 6363D5B927EE196700E34822 /* Project object */;
			proxyType = 1;
			remoteGlobalIDString = 6363D5C027EE196700E34822;
			remoteInfo = Mlem;
		};
		6363D5E127EE196A00E34822 /* PBXContainerItemProxy */ = {
			isa = PBXContainerItemProxy;
			containerPortal = 6363D5B927EE196700E34822 /* Project object */;
			proxyType = 1;
			remoteGlobalIDString = 6363D5C027EE196700E34822;
			remoteInfo = Mlem;
		};
/* End PBXContainerItemProxy section */

/* Begin PBXFileReference section */
		030FF67A2BC8521600F6BFAC /* CustomTabView.swift */ = {isa = PBXFileReference; lastKnownFileType = sourcecode.swift; path = CustomTabView.swift; sourceTree = "<group>"; };
		030FF67C2BC8524500F6BFAC /* CustomTabItem.swift */ = {isa = PBXFileReference; lastKnownFileType = sourcecode.swift; path = CustomTabItem.swift; sourceTree = "<group>"; };
		030FF67E2BC8544600F6BFAC /* CustomTabBarController.swift */ = {isa = PBXFileReference; lastKnownFileType = sourcecode.swift; path = CustomTabBarController.swift; sourceTree = "<group>"; };
		030FF6802BC859FD00F6BFAC /* CustomTabViewHostingController.swift */ = {isa = PBXFileReference; lastKnownFileType = sourcecode.swift; path = CustomTabViewHostingController.swift; sourceTree = "<group>"; };
		03134A4C2BEAD058002662CC /* AvatarView.swift */ = {isa = PBXFileReference; lastKnownFileType = sourcecode.swift; path = AvatarView.swift; sourceTree = "<group>"; };
		03134A4F2BEAD245002662CC /* NavigationLink+NavigationPage.swift */ = {isa = PBXFileReference; lastKnownFileType = sourcecode.swift; path = "NavigationLink+NavigationPage.swift"; sourceTree = "<group>"; };
		03134A512BEAD69F002662CC /* SettingsPage.swift */ = {isa = PBXFileReference; lastKnownFileType = sourcecode.swift; path = SettingsPage.swift; sourceTree = "<group>"; };
		03134A572BEC1C46002662CC /* AccountListSettingsView.swift */ = {isa = PBXFileReference; lastKnownFileType = sourcecode.swift; path = AccountListSettingsView.swift; sourceTree = "<group>"; };
		03134A592BEC2253002662CC /* AvatarStackView.swift */ = {isa = PBXFileReference; lastKnownFileType = sourcecode.swift; path = AvatarStackView.swift; sourceTree = "<group>"; };
		031E2D502BEF961D0003BC45 /* SubscriptionListView.swift */ = {isa = PBXFileReference; lastKnownFileType = sourcecode.swift; path = SubscriptionListView.swift; sourceTree = "<group>"; };
		031E2D5A2BEFC9460003BC45 /* ThemeSettingsView.swift */ = {isa = PBXFileReference; lastKnownFileType = sourcecode.swift; path = ThemeSettingsView.swift; sourceTree = "<group>"; };
		031E2D5C2BEFCC630003BC45 /* SettingsView.swift */ = {isa = PBXFileReference; fileEncoding = 4; lastKnownFileType = sourcecode.swift; path = SettingsView.swift; sourceTree = "<group>"; };
		03267D812BED489C009D6268 /* AvatarBannerView.swift */ = {isa = PBXFileReference; lastKnownFileType = sourcecode.swift; path = AvatarBannerView.swift; sourceTree = "<group>"; };
		03267D832BED49CE009D6268 /* AccountSettingsView.swift */ = {isa = PBXFileReference; lastKnownFileType = sourcecode.swift; path = AccountSettingsView.swift; sourceTree = "<group>"; };
		03267D852BED4ACA009D6268 /* Profile1Providing+Extensions.swift */ = {isa = PBXFileReference; lastKnownFileType = sourcecode.swift; path = "Profile1Providing+Extensions.swift"; sourceTree = "<group>"; };
		034B947E2C091EDD00039AF4 /* ProfileHeaderView.swift */ = {isa = PBXFileReference; lastKnownFileType = sourcecode.swift; path = ProfileHeaderView.swift; sourceTree = "<group>"; };
		034B94802C09306D00039AF4 /* CommunityOrPersonStub+Extensions.swift */ = {isa = PBXFileReference; lastKnownFileType = sourcecode.swift; path = "CommunityOrPersonStub+Extensions.swift"; sourceTree = "<group>"; };
		034B94822C09340A00039AF4 /* MarkdownConfiguration+Extensions.swift */ = {isa = PBXFileReference; lastKnownFileType = sourcecode.swift; path = "MarkdownConfiguration+Extensions.swift"; sourceTree = "<group>"; };
		034B94842C09348400039AF4 /* MarkdownImageView.swift */ = {isa = PBXFileReference; lastKnownFileType = sourcecode.swift; path = MarkdownImageView.swift; sourceTree = "<group>"; };
		034B94862C09350500039AF4 /* BubblePicker.swift */ = {isa = PBXFileReference; lastKnownFileType = sourcecode.swift; path = BubblePicker.swift; sourceTree = "<group>"; };
		034B94882C09360A00039AF4 /* Int+Extensions.swift */ = {isa = PBXFileReference; lastKnownFileType = sourcecode.swift; path = "Int+Extensions.swift"; sourceTree = "<group>"; };
		034B948B2C09364000039AF4 /* ChildSizeReader.swift */ = {isa = PBXFileReference; lastKnownFileType = sourcecode.swift; path = ChildSizeReader.swift; sourceTree = "<group>"; };
		034B948D2C0937BA00039AF4 /* FancyScrollView.swift */ = {isa = PBXFileReference; lastKnownFileType = sourcecode.swift; path = FancyScrollView.swift; sourceTree = "<group>"; };
		03500C212BF5594100CAA076 /* ToastType.swift */ = {isa = PBXFileReference; lastKnownFileType = sourcecode.swift; path = ToastType.swift; sourceTree = "<group>"; };
		03500C232BF55D0E00CAA076 /* Toast.swift */ = {isa = PBXFileReference; lastKnownFileType = sourcecode.swift; path = Toast.swift; sourceTree = "<group>"; };
		03500C262BF69D1D00CAA076 /* ToastModel.swift */ = {isa = PBXFileReference; lastKnownFileType = sourcecode.swift; path = ToastModel.swift; sourceTree = "<group>"; };
		03500C2A2BF7F1B100CAA076 /* ToastOverlayView.swift */ = {isa = PBXFileReference; lastKnownFileType = sourcecode.swift; path = ToastOverlayView.swift; sourceTree = "<group>"; };
		03500C2C2BF7FC2500CAA076 /* ToastView.swift */ = {isa = PBXFileReference; lastKnownFileType = sourcecode.swift; path = ToastView.swift; sourceTree = "<group>"; };
		0355F9452C150B2300605248 /* ExternalApiInfoView.swift */ = {isa = PBXFileReference; lastKnownFileType = sourcecode.swift; path = ExternalApiInfoView.swift; sourceTree = "<group>"; };
		0355F9482C16406E00605248 /* Line.swift */ = {isa = PBXFileReference; lastKnownFileType = sourcecode.swift; path = Line.swift; sourceTree = "<group>"; };
		035BE0862BDD8DA000F77D73 /* NavigationRootView.swift */ = {isa = PBXFileReference; lastKnownFileType = sourcecode.swift; path = NavigationRootView.swift; sourceTree = "<group>"; };
		035BE0882BDD901B00F77D73 /* NavigationPage.swift */ = {isa = PBXFileReference; lastKnownFileType = sourcecode.swift; path = NavigationPage.swift; sourceTree = "<group>"; };
		035BE08A2BDD903100F77D73 /* NavigationModel.swift */ = {isa = PBXFileReference; lastKnownFileType = sourcecode.swift; path = NavigationModel.swift; sourceTree = "<group>"; };
		035BE08C2BDE88EC00F77D73 /* NavigationLayerView.swift */ = {isa = PBXFileReference; lastKnownFileType = sourcecode.swift; path = NavigationLayerView.swift; sourceTree = "<group>"; };
		035BE08E2BDE911900F77D73 /* NavigationLayer.swift */ = {isa = PBXFileReference; lastKnownFileType = sourcecode.swift; path = NavigationLayer.swift; sourceTree = "<group>"; };
		035BE0902BDEA01E00F77D73 /* NavigationPage+View.swift */ = {isa = PBXFileReference; lastKnownFileType = sourcecode.swift; path = "NavigationPage+View.swift"; sourceTree = "<group>"; };
		0369B3522BFA514B001EFEDF /* ToastLocation.swift */ = {isa = PBXFileReference; lastKnownFileType = sourcecode.swift; path = ToastLocation.swift; sourceTree = "<group>"; };
		0369B3552BFA6824001EFEDF /* InboxView.swift */ = {isa = PBXFileReference; lastKnownFileType = sourcecode.swift; path = InboxView.swift; sourceTree = "<group>"; };
		0369B35A2BFB86E3001EFEDF /* Account.swift */ = {isa = PBXFileReference; fileEncoding = 4; lastKnownFileType = sourcecode.swift; path = Account.swift; sourceTree = "<group>"; };
		036CC3AE2B8145C30098B6A1 /* AppState.swift */ = {isa = PBXFileReference; lastKnownFileType = sourcecode.swift; path = AppState.swift; sourceTree = "<group>"; };
		037658DE2BE7D9EF00F4DD4D /* Community1Providing+Extensions.swift */ = {isa = PBXFileReference; lastKnownFileType = sourcecode.swift; path = "Community1Providing+Extensions.swift"; sourceTree = "<group>"; };
		0382A7EF2C09F0F800C79DDA /* PersonView.swift */ = {isa = PBXFileReference; fileEncoding = 4; lastKnownFileType = sourcecode.swift; path = PersonView.swift; sourceTree = "<group>"; };
		0382A7F12C0A758E00C79DDA /* ProfileDateView.swift */ = {isa = PBXFileReference; lastKnownFileType = sourcecode.swift; path = ProfileDateView.swift; sourceTree = "<group>"; };
		0382A7F32C0A76A900C79DDA /* Date+Extensions.swift */ = {isa = PBXFileReference; lastKnownFileType = sourcecode.swift; path = "Date+Extensions.swift"; sourceTree = "<group>"; };
		039EFEC22BEEBEE0003AC372 /* LoginInstancePickerView.swift */ = {isa = PBXFileReference; lastKnownFileType = sourcecode.swift; path = LoginInstancePickerView.swift; sourceTree = "<group>"; };
		03A82FA02C0D1E8500D01A5C /* ApiClient+Extensions.swift */ = {isa = PBXFileReference; lastKnownFileType = sourcecode.swift; path = "ApiClient+Extensions.swift"; sourceTree = "<group>"; };
		03A82FA22C0D1F2400D01A5C /* View+ExternalApiWarning.swift */ = {isa = PBXFileReference; lastKnownFileType = sourcecode.swift; path = "View+ExternalApiWarning.swift"; sourceTree = "<group>"; };
		03C93CEF2BEFFB1A00327BFE /* LoginCredentialsView.swift */ = {isa = PBXFileReference; lastKnownFileType = sourcecode.swift; path = LoginCredentialsView.swift; sourceTree = "<group>"; };
		03C93CF12BF0256700327BFE /* EnvironmentValue+IsRootView.swift */ = {isa = PBXFileReference; lastKnownFileType = sourcecode.swift; path = "EnvironmentValue+IsRootView.swift"; sourceTree = "<group>"; };
		03CCDA9F2BF2795300C0C851 /* LoginPage.swift */ = {isa = PBXFileReference; lastKnownFileType = sourcecode.swift; path = LoginPage.swift; sourceTree = "<group>"; };
		03CCDAA32BF2852E00C0C851 /* LoginTotpView.swift */ = {isa = PBXFileReference; lastKnownFileType = sourcecode.swift; path = LoginTotpView.swift; sourceTree = "<group>"; };
		03D2A6362C00F92400ED4FF2 /* Session.swift */ = {isa = PBXFileReference; lastKnownFileType = sourcecode.swift; path = Session.swift; sourceTree = "<group>"; };
		03D2A6382C00FAE000ED4FF2 /* UserAccount.swift */ = {isa = PBXFileReference; lastKnownFileType = sourcecode.swift; path = UserAccount.swift; sourceTree = "<group>"; };
		03D2A63A2C010B7500ED4FF2 /* GuestAccount.swift */ = {isa = PBXFileReference; lastKnownFileType = sourcecode.swift; path = GuestAccount.swift; sourceTree = "<group>"; };
		03D2A63C2C010CD400ED4FF2 /* UserSession.swift */ = {isa = PBXFileReference; lastKnownFileType = sourcecode.swift; path = UserSession.swift; sourceTree = "<group>"; };
		03D2A63E2C010DBF00ED4FF2 /* GuestSession.swift */ = {isa = PBXFileReference; lastKnownFileType = sourcecode.swift; path = GuestSession.swift; sourceTree = "<group>"; };
		03D2A6412C011F4A00ED4FF2 /* AccountListRowBody.swift */ = {isa = PBXFileReference; lastKnownFileType = sourcecode.swift; path = AccountListRowBody.swift; sourceTree = "<group>"; };
		03D3A1D32BB88EF1009DE55E /* Action.swift */ = {isa = PBXFileReference; lastKnownFileType = sourcecode.swift; path = Action.swift; sourceTree = "<group>"; };
		03D3A1E22BB8A40A009DE55E /* EmptyButtonStyle.swift */ = {isa = PBXFileReference; lastKnownFileType = sourcecode.swift; path = EmptyButtonStyle.swift; sourceTree = "<group>"; };
		03D3A1E42BB8B7A3009DE55E /* ActionType.swift */ = {isa = PBXFileReference; lastKnownFileType = sourcecode.swift; path = ActionType.swift; sourceTree = "<group>"; };
		03D3A1EE2BB9CA1D009DE55E /* MenuButton.swift */ = {isa = PBXFileReference; lastKnownFileType = sourcecode.swift; path = MenuButton.swift; sourceTree = "<group>"; };
		03D3A1F02BB9D48E009DE55E /* BasicAction.swift */ = {isa = PBXFileReference; lastKnownFileType = sourcecode.swift; path = BasicAction.swift; sourceTree = "<group>"; };
		03D3A1F22BB9D49B009DE55E /* ActionGroup.swift */ = {isa = PBXFileReference; lastKnownFileType = sourcecode.swift; path = ActionGroup.swift; sourceTree = "<group>"; };
		03E614DA2C0B596900F692A4 /* ToolbarEllipsisMenu.swift */ = {isa = PBXFileReference; lastKnownFileType = sourcecode.swift; path = ToolbarEllipsisMenu.swift; sourceTree = "<group>"; };
		03E614E32C0BCC7B00F692A4 /* Post1Providing+Extensions.swift */ = {isa = PBXFileReference; fileEncoding = 4; lastKnownFileType = sourcecode.swift; path = "Post1Providing+Extensions.swift"; sourceTree = "<group>"; };
		03E614E62C0BCDC200F692A4 /* FullyQualifiedLinkView.swift */ = {isa = PBXFileReference; lastKnownFileType = sourcecode.swift; path = FullyQualifiedLinkView.swift; sourceTree = "<group>"; };
		03FE14032BF93FDD00A8377F /* ErrorDetails.swift */ = {isa = PBXFileReference; lastKnownFileType = sourcecode.swift; path = ErrorDetails.swift; sourceTree = "<group>"; };
		03FE14052BF9445F00A8377F /* CloseButtonView.swift */ = {isa = PBXFileReference; lastKnownFileType = sourcecode.swift; path = CloseButtonView.swift; sourceTree = "<group>"; };
		03FE14072BF94FFB00A8377F /* ErrorView.swift */ = {isa = PBXFileReference; lastKnownFileType = sourcecode.swift; path = ErrorView.swift; sourceTree = "<group>"; };
		03FE140B2BF953B000A8377F /* HandleError.swift */ = {isa = PBXFileReference; lastKnownFileType = sourcecode.swift; path = HandleError.swift; sourceTree = "<group>"; };
		50CC4A6F2A9BD2470074C845 /* instance_metadata.json */ = {isa = PBXFileReference; fileEncoding = 4; lastKnownFileType = text.json; path = instance_metadata.json; sourceTree = "<group>"; };
		630D753C27F65E44006E60C9 /* Info.plist */ = {isa = PBXFileReference; lastKnownFileType = text.plist; path = Info.plist; sourceTree = "<group>"; };
		6332FDBC27EFAF7B0009A98A /* Settings.bundle */ = {isa = PBXFileReference; lastKnownFileType = "wrapper.plug-in"; path = Settings.bundle; sourceTree = "<group>"; };
		6363D5C127EE196700E34822 /* Mlem.app */ = {isa = PBXFileReference; explicitFileType = wrapper.application; includeInIndex = 0; path = Mlem.app; sourceTree = BUILT_PRODUCTS_DIR; };
		6363D5C427EE196700E34822 /* MlemApp.swift */ = {isa = PBXFileReference; lastKnownFileType = sourcecode.swift; path = MlemApp.swift; sourceTree = "<group>"; };
		6363D5C627EE196700E34822 /* ContentView.swift */ = {isa = PBXFileReference; lastKnownFileType = sourcecode.swift; path = ContentView.swift; sourceTree = "<group>"; };
		6363D5C827EE196A00E34822 /* Assets.xcassets */ = {isa = PBXFileReference; lastKnownFileType = folder.assetcatalog; path = Assets.xcassets; sourceTree = "<group>"; };
		6363D5CB27EE196A00E34822 /* Preview Assets.xcassets */ = {isa = PBXFileReference; lastKnownFileType = folder.assetcatalog; path = "Preview Assets.xcassets"; sourceTree = "<group>"; };
		6363D5D627EE196A00E34822 /* MlemTests.xctest */ = {isa = PBXFileReference; explicitFileType = wrapper.cfbundle; includeInIndex = 0; path = MlemTests.xctest; sourceTree = BUILT_PRODUCTS_DIR; };
		6363D5E027EE196A00E34822 /* MlemUITests.xctest */ = {isa = PBXFileReference; explicitFileType = wrapper.cfbundle; includeInIndex = 0; path = MlemUITests.xctest; sourceTree = BUILT_PRODUCTS_DIR; };
		63DF71F02A02999C002AC14E /* AppConstants.swift */ = {isa = PBXFileReference; lastKnownFileType = sourcecode.swift; path = AppConstants.swift; sourceTree = "<group>"; };
		6DE1183B2A4A217400810C7E /* Profile View.swift */ = {isa = PBXFileReference; lastKnownFileType = sourcecode.swift; path = "Profile View.swift"; sourceTree = "<group>"; };
		AD1B0D362A5F7A260006F554 /* Licenses.swift */ = {isa = PBXFileReference; lastKnownFileType = sourcecode.swift; path = Licenses.swift; sourceTree = "<group>"; };
		B104A6E12A5AFC9F00B3E725 /* Mlem.entitlements */ = {isa = PBXFileReference; lastKnownFileType = text.plist.entitlements; path = Mlem.entitlements; sourceTree = "<group>"; };
		B157E0C32A507B8000B02C8B /* FlowRoot.swift */ = {isa = PBXFileReference; lastKnownFileType = sourcecode.swift; path = FlowRoot.swift; sourceTree = "<group>"; };
		B1B78D632A51D53900F72485 /* AppDelegate.swift */ = {isa = PBXFileReference; lastKnownFileType = sourcecode.swift; path = AppDelegate.swift; sourceTree = "<group>"; };
		CD1446202A5B328E00610EF1 /* Privacy Policy.swift */ = {isa = PBXFileReference; lastKnownFileType = sourcecode.swift; path = "Privacy Policy.swift"; sourceTree = "<group>"; };
		CD1446242A5B357900610EF1 /* Document.swift */ = {isa = PBXFileReference; lastKnownFileType = sourcecode.swift; path = Document.swift; sourceTree = "<group>"; };
		CD1446262A5B36DA00610EF1 /* EULA.swift */ = {isa = PBXFileReference; lastKnownFileType = sourcecode.swift; path = EULA.swift; sourceTree = "<group>"; };
		CD317D4B2BE97FED008F63E2 /* Palette.swift */ = {isa = PBXFileReference; lastKnownFileType = sourcecode.swift; path = Palette.swift; sourceTree = "<group>"; };
		CD317D4E2BE983ED008F63E2 /* MonochromePalette.swift */ = {isa = PBXFileReference; lastKnownFileType = sourcecode.swift; path = MonochromePalette.swift; sourceTree = "<group>"; };
		CD43E8B22BF2C24E007C3D71 /* ContentLoader.swift */ = {isa = PBXFileReference; lastKnownFileType = sourcecode.swift; path = ContentLoader.swift; sourceTree = "<group>"; };
		CD4BAD342B4B2C0B00A1E726 /* FeedsView.swift */ = {isa = PBXFileReference; lastKnownFileType = sourcecode.swift; path = FeedsView.swift; sourceTree = "<group>"; };
		CD4D583E2B86855F00B82964 /* MlemTests.swift */ = {isa = PBXFileReference; lastKnownFileType = sourcecode.swift; path = MlemTests.swift; sourceTree = "<group>"; };
		CD4D58402B86858100B82964 /* MlemUITests.swift */ = {isa = PBXFileReference; lastKnownFileType = sourcecode.swift; path = MlemUITests.swift; sourceTree = "<group>"; };
		CD4D58922B86BA5C00B82964 /* StandardPalette.swift */ = {isa = PBXFileReference; lastKnownFileType = sourcecode.swift; path = StandardPalette.swift; sourceTree = "<group>"; };
		CD4D58A42B86BD1B00B82964 /* PersistenceRepository.swift */ = {isa = PBXFileReference; fileEncoding = 4; lastKnownFileType = sourcecode.swift; path = PersistenceRepository.swift; sourceTree = "<group>"; };
		CD4D58A92B86BE5900B82964 /* AccountListView.swift */ = {isa = PBXFileReference; lastKnownFileType = sourcecode.swift; path = AccountListView.swift; sourceTree = "<group>"; };
		CD4D58AC2B86BE7100B82964 /* QuickSwitcherView.swift */ = {isa = PBXFileReference; lastKnownFileType = sourcecode.swift; path = QuickSwitcherView.swift; sourceTree = "<group>"; };
		CD4D58B22B86BFD400B82964 /* AccountsTracker.swift */ = {isa = PBXFileReference; fileEncoding = 4; lastKnownFileType = sourcecode.swift; path = AccountsTracker.swift; sourceTree = "<group>"; };
		CD4D58B42B86BFFA00B82964 /* PersistenceRepository+Dependency.swift */ = {isa = PBXFileReference; fileEncoding = 4; lastKnownFileType = sourcecode.swift; path = "PersistenceRepository+Dependency.swift"; sourceTree = "<group>"; };
		CD4D58B82B86D9F800B82964 /* AccountListRow.swift */ = {isa = PBXFileReference; lastKnownFileType = sourcecode.swift; path = AccountListRow.swift; sourceTree = "<group>"; };
		CD4D58BA2B86DA7D00B82964 /* AccountListView+Logic.swift */ = {isa = PBXFileReference; lastKnownFileType = sourcecode.swift; path = "AccountListView+Logic.swift"; sourceTree = "<group>"; };
		CD4D58BF2B86DBD100B82964 /* DefaultAvatarView.swift */ = {isa = PBXFileReference; lastKnownFileType = sourcecode.swift; path = DefaultAvatarView.swift; sourceTree = "<group>"; };
		CD4D58C72B86DCED00B82964 /* AvatarType.swift */ = {isa = PBXFileReference; lastKnownFileType = sourcecode.swift; path = AvatarType.swift; sourceTree = "<group>"; };
		CD4D58CA2B86DD3D00B82964 /* AssociatedIcon.swift */ = {isa = PBXFileReference; lastKnownFileType = sourcecode.swift; path = AssociatedIcon.swift; sourceTree = "<group>"; };
		CD4D58CE2B86DDEC00B82964 /* AccountSortMode.swift */ = {isa = PBXFileReference; lastKnownFileType = sourcecode.swift; name = AccountSortMode.swift; path = Mlem/App/Protocols/AccountSortMode.swift; sourceTree = SOURCE_ROOT; };
		CD4D58D92B86E11D00B82964 /* Mockable.swift */ = {isa = PBXFileReference; lastKnownFileType = sourcecode.swift; path = Mockable.swift; sourceTree = "<group>"; };
		CD4D58EA2B86E63300B82964 /* AssociatedColor.swift */ = {isa = PBXFileReference; lastKnownFileType = sourcecode.swift; path = AssociatedColor.swift; sourceTree = "<group>"; };
		CD4D58F72B87B0D100B82964 /* InternetSpeed.swift */ = {isa = PBXFileReference; lastKnownFileType = sourcecode.swift; path = InternetSpeed.swift; sourceTree = "<group>"; };
		CD4D59132B87B36B00B82964 /* InternetConnectionManager.swift */ = {isa = PBXFileReference; lastKnownFileType = sourcecode.swift; path = InternetConnectionManager.swift; sourceTree = "<group>"; };
		CD4D59152B87B38C00B82964 /* UIApplication+Extensions.swift */ = {isa = PBXFileReference; lastKnownFileType = sourcecode.swift; path = "UIApplication+Extensions.swift"; sourceTree = "<group>"; };
		CD4D59172B87B3B000B82964 /* UIViewController+Extensions.swift */ = {isa = PBXFileReference; lastKnownFileType = sourcecode.swift; path = "UIViewController+Extensions.swift"; sourceTree = "<group>"; };
		CD4D591F2B87B63300B82964 /* SettingsOptions.swift */ = {isa = PBXFileReference; lastKnownFileType = sourcecode.swift; path = SettingsOptions.swift; sourceTree = "<group>"; };
		CD4ED8462BF110FA00EFA0A2 /* TabReselectTracker.swift */ = {isa = PBXFileReference; lastKnownFileType = sourcecode.swift; path = TabReselectTracker.swift; sourceTree = "<group>"; };
		CD4ED8492BF1113800EFA0A2 /* View+TabReselectConsumer.swift */ = {isa = PBXFileReference; lastKnownFileType = sourcecode.swift; path = "View+TabReselectConsumer.swift"; sourceTree = "<group>"; };
		CD4ED84D2BF113C800EFA0A2 /* ExpandedPostView.swift */ = {isa = PBXFileReference; lastKnownFileType = sourcecode.swift; path = ExpandedPostView.swift; sourceTree = "<group>"; };
		CD7882A12BFE4B47002E1A30 /* PostContext.swift */ = {isa = PBXFileReference; lastKnownFileType = sourcecode.swift; path = PostContext.swift; sourceTree = "<group>"; };
		CD7882A42BFE94D2002E1A30 /* CommunityContext.swift */ = {isa = PBXFileReference; lastKnownFileType = sourcecode.swift; path = CommunityContext.swift; sourceTree = "<group>"; };
		CD7882A62BFFD1A3002E1A30 /* ThumbnailLocation.swift */ = {isa = PBXFileReference; lastKnownFileType = sourcecode.swift; path = ThumbnailLocation.swift; sourceTree = "<group>"; };
		CD7882A82BFFDFC7002E1A30 /* PostTag.swift */ = {isa = PBXFileReference; lastKnownFileType = sourcecode.swift; path = PostTag.swift; sourceTree = "<group>"; };
		CD7882AA2C013005002E1A30 /* EllipsisMenu.swift */ = {isa = PBXFileReference; lastKnownFileType = sourcecode.swift; path = EllipsisMenu.swift; sourceTree = "<group>"; };
		CD7882AC2C0131CC002E1A30 /* Post1Providing+Extensions.swift */ = {isa = PBXFileReference; lastKnownFileType = sourcecode.swift; path = "Post1Providing+Extensions.swift"; sourceTree = "<group>"; };
		CDA1E8202B8FC411007953EF /* LandingPage.swift */ = {isa = PBXFileReference; lastKnownFileType = sourcecode.swift; path = LandingPage.swift; sourceTree = "<group>"; };
		CDB2EC7A2BFADA8B00DBC0EF /* PostSize.swift */ = {isa = PBXFileReference; lastKnownFileType = sourcecode.swift; path = PostSize.swift; sourceTree = "<group>"; };
		CDB2EC7C2BFADAB300DBC0EF /* CompactPostView.swift */ = {isa = PBXFileReference; lastKnownFileType = sourcecode.swift; path = CompactPostView.swift; sourceTree = "<group>"; };
		CDB2EC7E2BFADACC00DBC0EF /* HeadlinePostView.swift */ = {isa = PBXFileReference; lastKnownFileType = sourcecode.swift; path = HeadlinePostView.swift; sourceTree = "<group>"; };
		CDB2EC802BFADADF00DBC0EF /* LargePostView.swift */ = {isa = PBXFileReference; lastKnownFileType = sourcecode.swift; path = LargePostView.swift; sourceTree = "<group>"; };
		CDB2EC852BFADD7C00DBC0EF /* FullyQualifiedLabelView.swift */ = {isa = PBXFileReference; lastKnownFileType = sourcecode.swift; path = FullyQualifiedLabelView.swift; sourceTree = "<group>"; };
		CDB2EC872BFAE14800DBC0EF /* FullyQualifiedNameView.swift */ = {isa = PBXFileReference; lastKnownFileType = sourcecode.swift; path = FullyQualifiedNameView.swift; sourceTree = "<group>"; };
		CDB2EC892BFAEFDF00DBC0EF /* ThumbnailImageView.swift */ = {isa = PBXFileReference; lastKnownFileType = sourcecode.swift; path = ThumbnailImageView.swift; sourceTree = "<group>"; };
		CDBFCB622C037F3C008CD468 /* Profile1Providing+Extensions.swift */ = {isa = PBXFileReference; lastKnownFileType = sourcecode.swift; path = "Profile1Providing+Extensions.swift"; sourceTree = "<group>"; };
		CDBFCB642C03920C008CD468 /* PostLinkHostView.swift */ = {isa = PBXFileReference; lastKnownFileType = sourcecode.swift; path = PostLinkHostView.swift; sourceTree = "<group>"; };
		CDBFCB692C04EFFE008CD468 /* PostSettingsView.swift */ = {isa = PBXFileReference; lastKnownFileType = sourcecode.swift; path = PostSettingsView.swift; sourceTree = "<group>"; };
		CDBFCB6B2C054AA7008CD468 /* TilePostView.swift */ = {isa = PBXFileReference; lastKnownFileType = sourcecode.swift; path = TilePostView.swift; sourceTree = "<group>"; };
		CDC199E92BE449790077B4F1 /* Interactable1Providing+Extensions.swift */ = {isa = PBXFileReference; lastKnownFileType = sourcecode.swift; path = "Interactable1Providing+Extensions.swift"; sourceTree = "<group>"; };
		CDE021AC2BFA43380052FD61 /* FeedPostView.swift */ = {isa = PBXFileReference; lastKnownFileType = sourcecode.swift; path = FeedPostView.swift; sourceTree = "<group>"; };
		CDF9EF322AB2845C003F885B /* Icons.swift */ = {isa = PBXFileReference; lastKnownFileType = sourcecode.swift; path = Icons.swift; sourceTree = "<group>"; };
/* End PBXFileReference section */

/* Begin PBXFrameworksBuildPhase section */
		6363D5BE27EE196700E34822 /* Frameworks */ = {
			isa = PBXFrameworksBuildPhase;
			buildActionMask = 2147483647;
			files = (
				03500C2E2BF8C2A700CAA076 /* MlemMiddleware in Frameworks */,
				030FF6792BC84F7E00F6BFAC /* SwiftUIIntrospect in Frameworks */,
				B104A6DA2A59BF3C00B3E725 /* NukeExtensions in Frameworks */,
				037386472BDAFE81007492B5 /* LemmyMarkdownUI in Frameworks */,
				B104A6D82A59BF3C00B3E725 /* Nuke in Frameworks */,
				50C99B562A61D792005D57DD /* Dependencies in Frameworks */,
				636250DC2A18111400FC59B4 /* KeychainAccess in Frameworks */,
				CD4368C12AE23FD400BD8BD1 /* Semaphore in Frameworks */,
				B104A6DE2A59BF3C00B3E725 /* NukeVideo in Frameworks */,
				B104A6DC2A59BF3C00B3E725 /* NukeUI in Frameworks */,
			);
			runOnlyForDeploymentPostprocessing = 0;
		};
		6363D5D327EE196A00E34822 /* Frameworks */ = {
			isa = PBXFrameworksBuildPhase;
			buildActionMask = 2147483647;
			files = (
			);
			runOnlyForDeploymentPostprocessing = 0;
		};
		6363D5DD27EE196A00E34822 /* Frameworks */ = {
			isa = PBXFrameworksBuildPhase;
			buildActionMask = 2147483647;
			files = (
			);
			runOnlyForDeploymentPostprocessing = 0;
		};
/* End PBXFrameworksBuildPhase section */

/* Begin PBXGroup section */
		03134A492BEACF46002662CC /* Settings */ = {
			isa = PBXGroup;
			children = (
				031E2D5C2BEFCC630003BC45 /* SettingsView.swift */,
				03267D832BED49CE009D6268 /* AccountSettingsView.swift */,
				03134A572BEC1C46002662CC /* AccountListSettingsView.swift */,
				031E2D5A2BEFC9460003BC45 /* ThemeSettingsView.swift */,
				CDBFCB692C04EFFE008CD468 /* PostSettingsView.swift */,
			);
			path = Settings;
			sourceTree = "<group>";
		};
		03134A4E2BEAD23A002662CC /* Views */ = {
			isa = PBXGroup;
			children = (
				CD4ED8482BF1112A00EFA0A2 /* View Modifiers */,
				03134A4F2BEAD245002662CC /* NavigationLink+NavigationPage.swift */,
			);
			path = Views;
			sourceTree = "<group>";
		};
		03267D802BED4714009D6268 /* Avatar */ = {
			isa = PBXGroup;
			children = (
				CD4D58BF2B86DBD100B82964 /* DefaultAvatarView.swift */,
				034B947E2C091EDD00039AF4 /* ProfileHeaderView.swift */,
				03134A4C2BEAD058002662CC /* AvatarView.swift */,
				03267D812BED489C009D6268 /* AvatarBannerView.swift */,
				03134A592BEC2253002662CC /* AvatarStackView.swift */,
			);
			path = Avatar;
			sourceTree = "<group>";
		};
		034B948A2C09363100039AF4 /* BubblePicker */ = {
			isa = PBXGroup;
			children = (
				034B94862C09350500039AF4 /* BubblePicker.swift */,
				034B948B2C09364000039AF4 /* ChildSizeReader.swift */,
			);
			path = BubblePicker;
			sourceTree = "<group>";
		};
		03500C252BF694A800CAA076 /* Toast */ = {
			isa = PBXGroup;
			children = (
				03500C262BF69D1D00CAA076 /* ToastModel.swift */,
				03500C2A2BF7F1B100CAA076 /* ToastOverlayView.swift */,
				03500C2C2BF7FC2500CAA076 /* ToastView.swift */,
				03500C212BF5594100CAA076 /* ToastType.swift */,
				0369B3522BFA514B001EFEDF /* ToastLocation.swift */,
				03500C232BF55D0E00CAA076 /* Toast.swift */,
			);
			path = Toast;
			sourceTree = "<group>";
		};
		035BE0852BDD8D9100F77D73 /* Navigation */ = {
			isa = PBXGroup;
			children = (
				035BE0862BDD8DA000F77D73 /* NavigationRootView.swift */,
				035BE08C2BDE88EC00F77D73 /* NavigationLayerView.swift */,
				03C93CF12BF0256700327BFE /* EnvironmentValue+IsRootView.swift */,
				035BE08A2BDD903100F77D73 /* NavigationModel.swift */,
				035BE08E2BDE911900F77D73 /* NavigationLayer.swift */,
				035BE0882BDD901B00F77D73 /* NavigationPage.swift */,
				035BE0902BDEA01E00F77D73 /* NavigationPage+View.swift */,
				03134A512BEAD69F002662CC /* SettingsPage.swift */,
				03CCDA9F2BF2795300C0C851 /* LoginPage.swift */,
			);
			path = Navigation;
			sourceTree = "<group>";
		};
		0369B3542BFA681B001EFEDF /* Inbox */ = {
			isa = PBXGroup;
			children = (
				0369B3552BFA6824001EFEDF /* InboxView.swift */,
			);
			path = Inbox;
			sourceTree = "<group>";
		};
		0369B3592BFB86C6001EFEDF /* Account */ = {
			isa = PBXGroup;
			children = (
				0369B35A2BFB86E3001EFEDF /* Account.swift */,
				03D2A6382C00FAE000ED4FF2 /* UserAccount.swift */,
				03D2A63A2C010B7500ED4FF2 /* GuestAccount.swift */,
			);
			path = Account;
			sourceTree = "<group>";
		};
		037386422BDAF574007492B5 /* Frameworks */ = {
			isa = PBXGroup;
			children = (
			);
			name = Frameworks;
			sourceTree = "<group>";
		};
		0382A7EE2C09F0F800C79DDA /* Pages */ = {
			isa = PBXGroup;
			children = (
				0382A7EF2C09F0F800C79DDA /* PersonView.swift */,
				0355F9452C150B2300605248 /* ExternalApiInfoView.swift */,
			);
			name = Pages;
			path = Mlem/App/Views/Pages;
			sourceTree = SOURCE_ROOT;
		};
		03D2A6352C00F91A00ED4FF2 /* Session */ = {
			isa = PBXGroup;
			children = (
				03D2A6362C00F92400ED4FF2 /* Session.swift */,
				03D2A63C2C010CD400ED4FF2 /* UserSession.swift */,
				03D2A63E2C010DBF00ED4FF2 /* GuestSession.swift */,
			);
			path = Session;
			sourceTree = "<group>";
		};
		03D2A6402C011F3E00ED4FF2 /* ListRow */ = {
			isa = PBXGroup;
			children = (
				CD4D58B82B86D9F800B82964 /* AccountListRow.swift */,
				03D2A6412C011F4A00ED4FF2 /* AccountListRowBody.swift */,
			);
			path = ListRow;
			sourceTree = "<group>";
		};
		03D3A1EB2BB8CDFB009DE55E /* Action */ = {
			isa = PBXGroup;
			children = (
				03D3A1D32BB88EF1009DE55E /* Action.swift */,
				03D3A1F02BB9D48E009DE55E /* BasicAction.swift */,
				03D3A1F22BB9D49B009DE55E /* ActionGroup.swift */,
				03D3A1E42BB8B7A3009DE55E /* ActionType.swift */,
			);
			path = Action;
			sourceTree = "<group>";
		};
		03E614E12C0BCBE000F692A4 /* Recovered References */ = {
			isa = PBXGroup;
			children = (
				CD7882AC2C0131CC002E1A30 /* Post1Providing+Extensions.swift */,
				CDBFCB622C037F3C008CD468 /* Profile1Providing+Extensions.swift */,
			);
			name = "Recovered References";
			sourceTree = "<group>";
		};
		6318EDC427EE4E0500BFCAE8 /* Models */ = {
			isa = PBXGroup;
			children = (
				03D2A6352C00F91A00ED4FF2 /* Session */,
				03D3A1EB2BB8CDFB009DE55E /* Action */,
				0369B3592BFB86C6001EFEDF /* Account */,
				CD4D58CC2B86DDC300B82964 /* Settings */,
				03FE14032BF93FDD00A8377F /* ErrorDetails.swift */,
			);
			path = Models;
			sourceTree = "<group>";
		};
		6363D5B827EE196700E34822 = {
			isa = PBXGroup;
			children = (
				6363D5C327EE196700E34822 /* Mlem */,
				6363D5D927EE196A00E34822 /* MlemTests */,
				6363D5E327EE196A00E34822 /* MlemUITests */,
				6363D5C227EE196700E34822 /* Products */,
				037386422BDAF574007492B5 /* Frameworks */,
				03E614E12C0BCBE000F692A4 /* Recovered References */,
			);
			sourceTree = "<group>";
		};
		6363D5C227EE196700E34822 /* Products */ = {
			isa = PBXGroup;
			children = (
				6363D5C127EE196700E34822 /* Mlem.app */,
				6363D5D627EE196A00E34822 /* MlemTests.xctest */,
				6363D5E027EE196A00E34822 /* MlemUITests.xctest */,
			);
			name = Products;
			sourceTree = "<group>";
		};
		6363D5C327EE196700E34822 /* Mlem */ = {
			isa = PBXGroup;
			children = (
				CD4D583B2B867BB300B82964 /* App */,
				6363D5C827EE196A00E34822 /* Assets.xcassets */,
				630D753C27F65E44006E60C9 /* Info.plist */,
				B104A6E12A5AFC9F00B3E725 /* Mlem.entitlements */,
				6363D5CA27EE196A00E34822 /* Preview Content */,
				6332FDBC27EFAF7B0009A98A /* Settings.bundle */,
			);
			path = Mlem;
			sourceTree = "<group>";
		};
		6363D5CA27EE196A00E34822 /* Preview Content */ = {
			isa = PBXGroup;
			children = (
				6363D5CB27EE196A00E34822 /* Preview Assets.xcassets */,
			);
			path = "Preview Content";
			sourceTree = "<group>";
		};
		6363D5D927EE196A00E34822 /* MlemTests */ = {
			isa = PBXGroup;
			children = (
				CD4D583E2B86855F00B82964 /* MlemTests.swift */,
			);
			path = MlemTests;
			sourceTree = "<group>";
		};
		6363D5E327EE196A00E34822 /* MlemUITests */ = {
			isa = PBXGroup;
			children = (
				CD4D58402B86858100B82964 /* MlemUITests.swift */,
			);
			path = MlemUITests;
			sourceTree = "<group>";
		};
		6363D5F327EE1BA900E34822 /* Views */ = {
			isa = PBXGroup;
			children = (
				CD4D58A82B86BE4C00B82964 /* Shared */,
				CD4D583C2B867C2900B82964 /* Root */,
			);
			path = Views;
			sourceTree = "<group>";
		};
		6363D5F427EE1BAE00E34822 /* Tabs */ = {
			isa = PBXGroup;
			children = (
				0369B3542BFA681B001EFEDF /* Inbox */,
				03134A492BEACF46002662CC /* Settings */,
				CD4BAD382B4C6C1B00A1E726 /* Feeds */,
				6DE1183A2A4A215F00810C7E /* Profile */,
			);
			path = Tabs;
			sourceTree = "<group>";
		};
		6DE1183A2A4A215F00810C7E /* Profile */ = {
			isa = PBXGroup;
			children = (
				6DE1183B2A4A217400810C7E /* Profile View.swift */,
			);
			path = Profile;
			sourceTree = "<group>";
		};
		CD14461F2A5B328600610EF1 /* Data */ = {
			isa = PBXGroup;
			children = (
				50CC4A6F2A9BD2470074C845 /* instance_metadata.json */,
				CD1446202A5B328E00610EF1 /* Privacy Policy.swift */,
				CD1446242A5B357900610EF1 /* Document.swift */,
				CD1446262A5B36DA00610EF1 /* EULA.swift */,
				AD1B0D362A5F7A260006F554 /* Licenses.swift */,
			);
			path = Data;
			sourceTree = "<group>";
		};
		CD317D4D2BE97FFB008F63E2 /* Colors */ = {
			isa = PBXGroup;
			children = (
				CD4D58922B86BA5C00B82964 /* StandardPalette.swift */,
				CD317D4E2BE983ED008F63E2 /* MonochromePalette.swift */,
			);
			path = Colors;
			sourceTree = "<group>";
		};
		CD4BAD382B4C6C1B00A1E726 /* Feeds */ = {
			isa = PBXGroup;
			children = (
				CDE021AB2BFA43220052FD61 /* Feed Posts */,
				CD4BAD342B4B2C0B00A1E726 /* FeedsView.swift */,
				031E2D502BEF961D0003BC45 /* SubscriptionListView.swift */,
			);
			path = Feeds;
			sourceTree = "<group>";
		};
		CD4D583B2B867BB300B82964 /* App */ = {
			isa = PBXGroup;
			children = (
				CD7882A02BFE4B30002E1A30 /* Environment Values */,
				CD4D583D2B867DA900B82964 /* Constants */,
				CD14461F2A5B328600610EF1 /* Data */,
				CD4D58C62B86DCE500B82964 /* Enums */,
				CD4D58C22B86DC5800B82964 /* Extensions */,
				CD4D58942B86BA9E00B82964 /* Globals */,
				CD4D59112B87B35D00B82964 /* Logic */,
				6318EDC427EE4E0500BFCAE8 /* Models */,
				CD4D58C92B86DD3200B82964 /* Protocols */,
				6363D5F327EE1BA900E34822 /* Views */,
			);
			path = App;
			sourceTree = "<group>";
		};
		CD4D583C2B867C2900B82964 /* Root */ = {
			isa = PBXGroup;
			children = (
				B1B78D632A51D53900F72485 /* AppDelegate.swift */,
				6363D5C627EE196700E34822 /* ContentView.swift */,
				6363D5C427EE196700E34822 /* MlemApp.swift */,
				B157E0C32A507B8000B02C8B /* FlowRoot.swift */,
				CDA1E81A2B8FC39A007953EF /* Onboarding */,
				6363D5F427EE1BAE00E34822 /* Tabs */,
			);
			path = Root;
			sourceTree = "<group>";
		};
		CD4D583D2B867DA900B82964 /* Constants */ = {
			isa = PBXGroup;
			children = (
				CD317D4D2BE97FFB008F63E2 /* Colors */,
				63DF71F02A02999C002AC14E /* AppConstants.swift */,
				CDF9EF322AB2845C003F885B /* Icons.swift */,
			);
			path = Constants;
			sourceTree = "<group>";
		};
		CD4D58672B86B38600B82964 /* Dependencies */ = {
			isa = PBXGroup;
			children = (
				CD4D58B42B86BFFA00B82964 /* PersistenceRepository+Dependency.swift */,
			);
			path = Dependencies;
			sourceTree = "<group>";
		};
		CD4D58942B86BA9E00B82964 /* Globals */ = {
			isa = PBXGroup;
			children = (
				CD4D59212B87BD0800B82964 /* Definitions */,
				CD4D58672B86B38600B82964 /* Dependencies */,
			);
			path = Globals;
			sourceTree = "<group>";
		};
		CD4D58A82B86BE4C00B82964 /* Shared */ = {
			isa = PBXGroup;
			children = (
				0382A7EE2C09F0F800C79DDA /* Pages */,
				CDB2EC842BFADD5E00DBC0EF /* Labels */,
				03D2A6402C011F3E00ED4FF2 /* ListRow */,
				03500C252BF694A800CAA076 /* Toast */,
				035BE0852BDD8D9100F77D73 /* Navigation */,
				CD4D58AB2B86BE6100B82964 /* Accounts */,
				030FF67A2BC8521600F6BFAC /* CustomTabView.swift */,
				030FF6802BC859FD00F6BFAC /* CustomTabViewHostingController.swift */,
				030FF67E2BC8544600F6BFAC /* CustomTabBarController.swift */,
				030FF67C2BC8524500F6BFAC /* CustomTabItem.swift */,
				03FE14072BF94FFB00A8377F /* ErrorView.swift */,
				03D3A1E22BB8A40A009DE55E /* EmptyButtonStyle.swift */,
				034B948A2C09363100039AF4 /* BubblePicker */,
				034B94842C09348400039AF4 /* MarkdownImageView.swift */,
				03D3A1EE2BB9CA1D009DE55E /* MenuButton.swift */,
				03267D802BED4714009D6268 /* Avatar */,
				034B948D2C0937BA00039AF4 /* FancyScrollView.swift */,
				0355F9482C16406E00605248 /* Line.swift */,
				CD4ED84D2BF113C800EFA0A2 /* ExpandedPostView.swift */,
				0382A7F12C0A758E00C79DDA /* ProfileDateView.swift */,
				CD43E8B22BF2C24E007C3D71 /* ContentLoader.swift */,
				03E614DA2C0B596900F692A4 /* ToolbarEllipsisMenu.swift */,
				03FE14052BF9445F00A8377F /* CloseButtonView.swift */,
				CD7882AA2C013005002E1A30 /* EllipsisMenu.swift */,
			);
			path = Shared;
			sourceTree = "<group>";
		};
		CD4D58AB2B86BE6100B82964 /* Accounts */ = {
			isa = PBXGroup;
			children = (
				CD4D58A92B86BE5900B82964 /* AccountListView.swift */,
				CD4D58AC2B86BE7100B82964 /* QuickSwitcherView.swift */,
				CD4D58BA2B86DA7D00B82964 /* AccountListView+Logic.swift */,
			);
			path = Accounts;
			sourceTree = "<group>";
		};
		CD4D58C22B86DC5800B82964 /* Extensions */ = {
			isa = PBXGroup;
			children = (
				03134A4E2BEAD23A002662CC /* Views */,
				CDA8A0052BE43B350022F7ED /* Content Models */,
				CD4D59152B87B38C00B82964 /* UIApplication+Extensions.swift */,
				03A82FA02C0D1E8500D01A5C /* ApiClient+Extensions.swift */,
				034B94882C09360A00039AF4 /* Int+Extensions.swift */,
				0382A7F32C0A76A900C79DDA /* Date+Extensions.swift */,
				CD4D59172B87B3B000B82964 /* UIViewController+Extensions.swift */,
				034B94822C09340A00039AF4 /* MarkdownConfiguration+Extensions.swift */,
			);
			name = Extensions;
			path = Utility/Extensions;
			sourceTree = "<group>";
		};
		CD4D58C62B86DCE500B82964 /* Enums */ = {
			isa = PBXGroup;
			children = (
				CD4D58C72B86DCED00B82964 /* AvatarType.swift */,
			);
			path = Enums;
			sourceTree = "<group>";
		};
		CD4D58C92B86DD3200B82964 /* Protocols */ = {
			isa = PBXGroup;
			children = (
				CD4D58CA2B86DD3D00B82964 /* AssociatedIcon.swift */,
				CD4D58D92B86E11D00B82964 /* Mockable.swift */,
				CD4D58EA2B86E63300B82964 /* AssociatedColor.swift */,
			);
			path = Protocols;
			sourceTree = "<group>";
		};
		CD4D58CC2B86DDC300B82964 /* Settings */ = {
			isa = PBXGroup;
			children = (
				CD4D58CD2B86DDC800B82964 /* Options */,
			);
			path = Settings;
			sourceTree = "<group>";
		};
		CD4D58CD2B86DDC800B82964 /* Options */ = {
			isa = PBXGroup;
			children = (
				CD4D58CE2B86DDEC00B82964 /* AccountSortMode.swift */,
				CD4D58F72B87B0D100B82964 /* InternetSpeed.swift */,
				CD4D591F2B87B63300B82964 /* SettingsOptions.swift */,
				CDB2EC7A2BFADA8B00DBC0EF /* PostSize.swift */,
				CD7882A62BFFD1A3002E1A30 /* ThumbnailLocation.swift */,
			);
			path = Options;
			sourceTree = "<group>";
		};
		CD4D59112B87B35D00B82964 /* Logic */ = {
			isa = PBXGroup;
			children = (
				CD4D59122B87B36300B82964 /* Networking */,
				03FE140B2BF953B000A8377F /* HandleError.swift */,
			);
			path = Logic;
			sourceTree = "<group>";
		};
		CD4D59122B87B36300B82964 /* Networking */ = {
			isa = PBXGroup;
			children = (
				CD4D59132B87B36B00B82964 /* InternetConnectionManager.swift */,
			);
			path = Networking;
			sourceTree = "<group>";
		};
		CD4D59212B87BD0800B82964 /* Definitions */ = {
			isa = PBXGroup;
			children = (
				CD4D58B22B86BFD400B82964 /* AccountsTracker.swift */,
				036CC3AE2B8145C30098B6A1 /* AppState.swift */,
				CD317D4B2BE97FED008F63E2 /* Palette.swift */,
				CD4D58A42B86BD1B00B82964 /* PersistenceRepository.swift */,
				CD4ED8462BF110FA00EFA0A2 /* TabReselectTracker.swift */,
			);
			path = Definitions;
			sourceTree = "<group>";
		};
		CD4ED8482BF1112A00EFA0A2 /* View Modifiers */ = {
			isa = PBXGroup;
			children = (
				CD4ED8492BF1113800EFA0A2 /* View+TabReselectConsumer.swift */,
				03A82FA22C0D1F2400D01A5C /* View+ExternalApiWarning.swift */,
			);
			path = "View Modifiers";
			sourceTree = "<group>";
		};
		CD7882A02BFE4B30002E1A30 /* Environment Values */ = {
			isa = PBXGroup;
			children = (
				CD7882A12BFE4B47002E1A30 /* PostContext.swift */,
				CD7882A42BFE94D2002E1A30 /* CommunityContext.swift */,
			);
			path = "Environment Values";
			sourceTree = "<group>";
		};
		CDA1E81A2B8FC39A007953EF /* Onboarding */ = {
			isa = PBXGroup;
			children = (
				CDA1E8202B8FC411007953EF /* LandingPage.swift */,
				039EFEC22BEEBEE0003AC372 /* LoginInstancePickerView.swift */,
				03C93CEF2BEFFB1A00327BFE /* LoginCredentialsView.swift */,
				03CCDAA32BF2852E00C0C851 /* LoginTotpView.swift */,
			);
			path = Onboarding;
			sourceTree = "<group>";
		};
		CDA8A0052BE43B350022F7ED /* Content Models */ = {
			isa = PBXGroup;
			children = (
				CDC199E92BE449790077B4F1 /* Interactable1Providing+Extensions.swift */,
				037658DE2BE7D9EF00F4DD4D /* Community1Providing+Extensions.swift */,
				03267D852BED4ACA009D6268 /* Profile1Providing+Extensions.swift */,
				03E614E32C0BCC7B00F692A4 /* Post1Providing+Extensions.swift */,
				034B94802C09306D00039AF4 /* CommunityOrPersonStub+Extensions.swift */,
			);
			path = "Content Models";
			sourceTree = "<group>";
		};
		CDB2EC842BFADD5E00DBC0EF /* Labels */ = {
			isa = PBXGroup;
			children = (
				CDB2EC852BFADD7C00DBC0EF /* FullyQualifiedLabelView.swift */,
				03E614E62C0BCDC200F692A4 /* FullyQualifiedLinkView.swift */,
				CDB2EC872BFAE14800DBC0EF /* FullyQualifiedNameView.swift */,
			);
			path = Labels;
			sourceTree = "<group>";
		};
		CDBFCB662C04EA59008CD468 /* Feed Post Components */ = {
			isa = PBXGroup;
			children = (
				CDB2EC892BFAEFDF00DBC0EF /* ThumbnailImageView.swift */,
				CD7882A82BFFDFC7002E1A30 /* PostTag.swift */,
				CDBFCB642C03920C008CD468 /* PostLinkHostView.swift */,
			);
			path = "Feed Post Components";
			sourceTree = "<group>";
		};
		CDE021AB2BFA43220052FD61 /* Feed Posts */ = {
			isa = PBXGroup;
			children = (
				CDBFCB662C04EA59008CD468 /* Feed Post Components */,
				CDE021AC2BFA43380052FD61 /* FeedPostView.swift */,
				CDB2EC7C2BFADAB300DBC0EF /* CompactPostView.swift */,
				CDB2EC7E2BFADACC00DBC0EF /* HeadlinePostView.swift */,
				CDB2EC802BFADADF00DBC0EF /* LargePostView.swift */,
				CDBFCB6B2C054AA7008CD468 /* TilePostView.swift */,
			);
			path = "Feed Posts";
			sourceTree = "<group>";
		};
/* End PBXGroup section */

/* Begin PBXHeadersBuildPhase section */
		03E96D082BD6ED7E00B7A98F /* Headers */ = {
			isa = PBXHeadersBuildPhase;
			buildActionMask = 2147483647;
			files = (
			);
			runOnlyForDeploymentPostprocessing = 0;
		};
/* End PBXHeadersBuildPhase section */

/* Begin PBXNativeTarget section */
		6363D5C027EE196700E34822 /* Mlem */ = {
			isa = PBXNativeTarget;
			buildConfigurationList = 6363D5EA27EE196A00E34822 /* Build configuration list for PBXNativeTarget "Mlem" */;
			buildPhases = (
				03E96D082BD6ED7E00B7A98F /* Headers */,
				6363D5BD27EE196700E34822 /* Sources */,
				50F830EB2A47CC4F00D67099 /* Swiftlint */,
				6363D5BE27EE196700E34822 /* Frameworks */,
				6363D5BF27EE196700E34822 /* Resources */,
			);
			buildRules = (
			);
			dependencies = (
			);
			name = Mlem;
			packageProductDependencies = (
				636250DB2A18111400FC59B4 /* KeychainAccess */,
				B104A6D72A59BF3C00B3E725 /* Nuke */,
				B104A6D92A59BF3C00B3E725 /* NukeExtensions */,
				B104A6DB2A59BF3C00B3E725 /* NukeUI */,
				B104A6DD2A59BF3C00B3E725 /* NukeVideo */,
				50C99B552A61D792005D57DD /* Dependencies */,
				CD4368C02AE23FD400BD8BD1 /* Semaphore */,
				030FF6782BC84F7E00F6BFAC /* SwiftUIIntrospect */,
				037386462BDAFE81007492B5 /* LemmyMarkdownUI */,
				CD59DE2B2BE467E600445EED /* MlemMiddleware */,
			);
			productName = Mlem;
			productReference = 6363D5C127EE196700E34822 /* Mlem.app */;
			productType = "com.apple.product-type.application";
		};
		6363D5D527EE196A00E34822 /* MlemTests */ = {
			isa = PBXNativeTarget;
			buildConfigurationList = 6363D5ED27EE196A00E34822 /* Build configuration list for PBXNativeTarget "MlemTests" */;
			buildPhases = (
				6363D5D227EE196A00E34822 /* Sources */,
				6363D5D327EE196A00E34822 /* Frameworks */,
				6363D5D427EE196A00E34822 /* Resources */,
			);
			buildRules = (
			);
			dependencies = (
				6363D5D827EE196A00E34822 /* PBXTargetDependency */,
			);
			name = MlemTests;
			productName = MlemTests;
			productReference = 6363D5D627EE196A00E34822 /* MlemTests.xctest */;
			productType = "com.apple.product-type.bundle.unit-test";
		};
		6363D5DF27EE196A00E34822 /* MlemUITests */ = {
			isa = PBXNativeTarget;
			buildConfigurationList = 6363D5F027EE196A00E34822 /* Build configuration list for PBXNativeTarget "MlemUITests" */;
			buildPhases = (
				6363D5DC27EE196A00E34822 /* Sources */,
				6363D5DD27EE196A00E34822 /* Frameworks */,
				6363D5DE27EE196A00E34822 /* Resources */,
			);
			buildRules = (
			);
			dependencies = (
				6363D5E227EE196A00E34822 /* PBXTargetDependency */,
			);
			name = MlemUITests;
			productName = MlemUITests;
			productReference = 6363D5E027EE196A00E34822 /* MlemUITests.xctest */;
			productType = "com.apple.product-type.bundle.ui-testing";
		};
/* End PBXNativeTarget section */

/* Begin PBXProject section */
		6363D5B927EE196700E34822 /* Project object */ = {
			isa = PBXProject;
			attributes = {
				BuildIndependentTargetsInParallel = 1;
				LastSwiftUpdateCheck = 1330;
				LastUpgradeCheck = 1500;
				TargetAttributes = {
					6363D5C027EE196700E34822 = {
						CreatedOnToolsVersion = 13.3;
					};
					6363D5D527EE196A00E34822 = {
						CreatedOnToolsVersion = 13.3;
						LastSwiftMigration = 1500;
						TestTargetID = 6363D5C027EE196700E34822;
					};
					6363D5DF27EE196A00E34822 = {
						CreatedOnToolsVersion = 13.3;
						LastSwiftMigration = 1500;
						TestTargetID = 6363D5C027EE196700E34822;
					};
				};
			};
			buildConfigurationList = 6363D5BC27EE196700E34822 /* Build configuration list for PBXProject "Mlem" */;
			compatibilityVersion = "Xcode 13.0";
			developmentRegion = en;
			hasScannedForEncodings = 0;
			knownRegions = (
				en,
				Base,
			);
			mainGroup = 6363D5B827EE196700E34822;
			packageReferences = (
				636250DA2A18111400FC59B4 /* XCRemoteSwiftPackageReference "KeychainAccess" */,
				B104A6D62A59BF3C00B3E725 /* XCRemoteSwiftPackageReference "Nuke" */,
				50C99B542A61D792005D57DD /* XCRemoteSwiftPackageReference "swift-dependencies" */,
				CD4368BF2AE23FD400BD8BD1 /* XCRemoteSwiftPackageReference "Semaphore" */,
				0392826E2BC84E480097F91A /* XCRemoteSwiftPackageReference "SwiftUI-Introspect" */,
				037386452BDAFE81007492B5 /* XCRemoteSwiftPackageReference "LemmyMarkdownUI" */,
				CD7882A32BFE5EB5002E1A30 /* XCRemoteSwiftPackageReference "MlemMiddleware" */,
			);
			productRefGroup = 6363D5C227EE196700E34822 /* Products */;
			projectDirPath = "";
			projectRoot = "";
			targets = (
				6363D5C027EE196700E34822 /* Mlem */,
				6363D5D527EE196A00E34822 /* MlemTests */,
				6363D5DF27EE196A00E34822 /* MlemUITests */,
			);
		};
/* End PBXProject section */

/* Begin PBXResourcesBuildPhase section */
		6363D5BF27EE196700E34822 /* Resources */ = {
			isa = PBXResourcesBuildPhase;
			buildActionMask = 2147483647;
			files = (
				6363D5CC27EE196A00E34822 /* Preview Assets.xcassets in Resources */,
				50CC4A702A9BD2480074C845 /* instance_metadata.json in Resources */,
				6332FDBD27EFAF7C0009A98A /* Settings.bundle in Resources */,
				6363D5C927EE196A00E34822 /* Assets.xcassets in Resources */,
			);
			runOnlyForDeploymentPostprocessing = 0;
		};
		6363D5D427EE196A00E34822 /* Resources */ = {
			isa = PBXResourcesBuildPhase;
			buildActionMask = 2147483647;
			files = (
			);
			runOnlyForDeploymentPostprocessing = 0;
		};
		6363D5DE27EE196A00E34822 /* Resources */ = {
			isa = PBXResourcesBuildPhase;
			buildActionMask = 2147483647;
			files = (
			);
			runOnlyForDeploymentPostprocessing = 0;
		};
/* End PBXResourcesBuildPhase section */

/* Begin PBXShellScriptBuildPhase section */
		50F830EB2A47CC4F00D67099 /* Swiftlint */ = {
			isa = PBXShellScriptBuildPhase;
			alwaysOutOfDate = 1;
			buildActionMask = 2147483647;
			files = (
			);
			inputFileListPaths = (
			);
			inputPaths = (
			);
			name = Swiftlint;
			outputFileListPaths = (
			);
			outputPaths = (
			);
			runOnlyForDeploymentPostprocessing = 0;
			shellPath = /bin/sh;
			shellScript = "if [[ \"$(uname -m)\" == arm64 ]]; then\n    export PATH=\"/opt/homebrew/bin:$PATH\"\nfi\n\nif which swiftlint > /dev/null; then\n  swiftlint lint --strict\nelse\n  echo \"warning: SwiftLint not installed, download from https://github.com/realm/SwiftLint\"\nfi\n";
		};
/* End PBXShellScriptBuildPhase section */

/* Begin PBXSourcesBuildPhase section */
		6363D5BD27EE196700E34822 /* Sources */ = {
			isa = PBXSourcesBuildPhase;
			buildActionMask = 2147483647;
			files = (
				03A82FA12C0D1E8500D01A5C /* ApiClient+Extensions.swift in Sources */,
				03E614E22C0BCC4300F692A4 /* Profile1Providing+Extensions.swift in Sources */,
				03134A582BEC1C46002662CC /* AccountListSettingsView.swift in Sources */,
				03E614E52C0BCCAA00F692A4 /* PostSize.swift in Sources */,
				CDB2EC7D2BFADAB300DBC0EF /* CompactPostView.swift in Sources */,
				03FE14042BF93FDD00A8377F /* ErrorDetails.swift in Sources */,
				0382A7F22C0A758E00C79DDA /* ProfileDateView.swift in Sources */,
				031E2D5B2BEFC9460003BC45 /* ThemeSettingsView.swift in Sources */,
				03D3A1F12BB9D48E009DE55E /* BasicAction.swift in Sources */,
				03D2A6392C00FAE000ED4FF2 /* UserAccount.swift in Sources */,
				03C93CF02BEFFB1A00327BFE /* LoginCredentialsView.swift in Sources */,
				CDBFCB652C03920C008CD468 /* PostLinkHostView.swift in Sources */,
				CD4ED84E2BF113C800EFA0A2 /* ExpandedPostView.swift in Sources */,
				035BE08D2BDE88EC00F77D73 /* NavigationLayerView.swift in Sources */,
				035BE0872BDD8DA000F77D73 /* NavigationRootView.swift in Sources */,
				CDB2EC7F2BFADACC00DBC0EF /* HeadlinePostView.swift in Sources */,
				03D3A1E32BB8A40A009DE55E /* EmptyButtonStyle.swift in Sources */,
				039EFEC32BEEBEE0003AC372 /* LoginInstancePickerView.swift in Sources */,
				034B94852C09348400039AF4 /* MarkdownImageView.swift in Sources */,
				03C93CF22BF0256700327BFE /* EnvironmentValue+IsRootView.swift in Sources */,
				034B94832C09340A00039AF4 /* MarkdownConfiguration+Extensions.swift in Sources */,
				CD4D58CF2B86DDEC00B82964 /* AccountSortMode.swift in Sources */,
				03D2A6372C00F92400ED4FF2 /* Session.swift in Sources */,
				03134A522BEAD69F002662CC /* SettingsPage.swift in Sources */,
				03CCDAA02BF2795300C0C851 /* LoginPage.swift in Sources */,
				037658DF2BE7D9EF00F4DD4D /* Community1Providing+Extensions.swift in Sources */,
				CD4D58C02B86DBD100B82964 /* DefaultAvatarView.swift in Sources */,
				CD1446212A5B328E00610EF1 /* Privacy Policy.swift in Sources */,
				03FE140C2BF953B000A8377F /* HandleError.swift in Sources */,
				CD1446272A5B36DA00610EF1 /* EULA.swift in Sources */,
				0382A7F42C0A76A900C79DDA /* Date+Extensions.swift in Sources */,
				03D2A63B2C010B7500ED4FF2 /* GuestAccount.swift in Sources */,
				CD4ED84A2BF1113800EFA0A2 /* View+TabReselectConsumer.swift in Sources */,
				0355F9492C16406E00605248 /* Line.swift in Sources */,
				034B948C2C09364000039AF4 /* ChildSizeReader.swift in Sources */,
				03500C222BF5594100CAA076 /* ToastType.swift in Sources */,
				CD4D58A52B86BD1B00B82964 /* PersistenceRepository.swift in Sources */,
				CD1446252A5B357900610EF1 /* Document.swift in Sources */,
				CDB2EC812BFADADF00DBC0EF /* LargePostView.swift in Sources */,
				CD7882A72BFFD1A3002E1A30 /* ThumbnailLocation.swift in Sources */,
				03500C222BF5594100CAA076 /* ToastType.swift in Sources */,
				03134A4D2BEAD058002662CC /* AvatarView.swift in Sources */,
				CD4D58AA2B86BE5900B82964 /* AccountListView.swift in Sources */,
				CD4D58B92B86D9F800B82964 /* AccountListRow.swift in Sources */,
				CD4D58B32B86BFD400B82964 /* AccountsTracker.swift in Sources */,
				CD317D4F2BE983ED008F63E2 /* MonochromePalette.swift in Sources */,
				034B94872C09350500039AF4 /* BubblePicker.swift in Sources */,
				034B948E2C0937BA00039AF4 /* FancyScrollView.swift in Sources */,
				CD4D58B52B86BFFB00B82964 /* PersistenceRepository+Dependency.swift in Sources */,
				CD4D58EB2B86E63300B82964 /* AssociatedColor.swift in Sources */,
				CD317D4C2BE97FED008F63E2 /* Palette.swift in Sources */,
				03FE14062BF9445F00A8377F /* CloseButtonView.swift in Sources */,
				03D2A6422C011F4A00ED4FF2 /* AccountListRowBody.swift in Sources */,
				03134A5A2BEC2253002662CC /* AvatarStackView.swift in Sources */,
				03D3A1F32BB9D49B009DE55E /* ActionGroup.swift in Sources */,
				CD7882A92BFFDFC7002E1A30 /* PostTag.swift in Sources */,
				CD7882AB2C013005002E1A30 /* EllipsisMenu.swift in Sources */,
				CDBFCB6A2C04EFFE008CD468 /* PostSettingsView.swift in Sources */,
				CD4D58C82B86DCED00B82964 /* AvatarType.swift in Sources */,
				CD4D58BB2B86DA7D00B82964 /* AccountListView+Logic.swift in Sources */,
				CD43E8B32BF2C24E007C3D71 /* ContentLoader.swift in Sources */,
				031E2D5D2BEFCC630003BC45 /* SettingsView.swift in Sources */,
				03CCDAA42BF2852E00C0C851 /* LoginTotpView.swift in Sources */,
				CD4ED8472BF110FA00EFA0A2 /* TabReselectTracker.swift in Sources */,
				035BE0912BDEA01E00F77D73 /* NavigationPage+View.swift in Sources */,
				CD4D59142B87B36B00B82964 /* InternetConnectionManager.swift in Sources */,
				03D3A1EF2BB9CA1D009DE55E /* MenuButton.swift in Sources */,
				031E2D512BEF961D0003BC45 /* SubscriptionListView.swift in Sources */,
				030FF67B2BC8521600F6BFAC /* CustomTabView.swift in Sources */,
				CDB2EC8A2BFAEFDF00DBC0EF /* ThumbnailImageView.swift in Sources */,
				CD7882A52BFE94D2002E1A30 /* CommunityContext.swift in Sources */,
				0369B3562BFA6824001EFEDF /* InboxView.swift in Sources */,
				CD4D59162B87B38C00B82964 /* UIApplication+Extensions.swift in Sources */,
				035BE08B2BDD903100F77D73 /* NavigationModel.swift in Sources */,
				CD4D58CB2B86DD3D00B82964 /* AssociatedIcon.swift in Sources */,
				CD4BAD352B4B2C0B00A1E726 /* FeedsView.swift in Sources */,
				CDE021AD2BFA43380052FD61 /* FeedPostView.swift in Sources */,
				6DE1183C2A4A217400810C7E /* Profile View.swift in Sources */,
				03267D822BED489C009D6268 /* AvatarBannerView.swift in Sources */,
				03500C2D2BF7FC2500CAA076 /* ToastView.swift in Sources */,
				CDF9EF332AB2845C003F885B /* Icons.swift in Sources */,
				CD4D58DA2B86E11D00B82964 /* Mockable.swift in Sources */,
				034B94892C09360A00039AF4 /* Int+Extensions.swift in Sources */,
				CD7882A22BFE4B47002E1A30 /* PostContext.swift in Sources */,
				CDA1E8212B8FC411007953EF /* LandingPage.swift in Sources */,
				B157E0C42A507B8000B02C8B /* FlowRoot.swift in Sources */,
				CDB2EC882BFAE14800DBC0EF /* FullyQualifiedNameView.swift in Sources */,
				03500C272BF69D1D00CAA076 /* ToastModel.swift in Sources */,
				0369B35D2BFB86E3001EFEDF /* Account.swift in Sources */,
				036CC3AF2B8145C30098B6A1 /* AppState.swift in Sources */,
				03134A502BEAD245002662CC /* NavigationLink+NavigationPage.swift in Sources */,
				CDC199EA2BE449790077B4F1 /* Interactable1Providing+Extensions.swift in Sources */,
				03500C2B2BF7F1B100CAA076 /* ToastOverlayView.swift in Sources */,
				CD4D59182B87B3B000B82964 /* UIViewController+Extensions.swift in Sources */,
				034B94812C09306D00039AF4 /* CommunityOrPersonStub+Extensions.swift in Sources */,
				03D3A1E52BB8B7A3009DE55E /* ActionType.swift in Sources */,
				034B947F2C091EDD00039AF4 /* ProfileHeaderView.swift in Sources */,
				03E614E42C0BCC7B00F692A4 /* Post1Providing+Extensions.swift in Sources */,
				CDB2EC862BFADD7C00DBC0EF /* FullyQualifiedLabelView.swift in Sources */,
				03D2A63D2C010CD400ED4FF2 /* UserSession.swift in Sources */,
				63DF71F12A02999C002AC14E /* AppConstants.swift in Sources */,
				03D3A1D42BB88EF1009DE55E /* Action.swift in Sources */,
				6363D5C727EE196700E34822 /* ContentView.swift in Sources */,
				035BE0892BDD901B00F77D73 /* NavigationPage.swift in Sources */,
				035BE08F2BDE911900F77D73 /* NavigationLayer.swift in Sources */,
				03267D842BED49CE009D6268 /* AccountSettingsView.swift in Sources */,
				03A82FA32C0D1F2400D01A5C /* View+ExternalApiWarning.swift in Sources */,
				0369B3532BFA514B001EFEDF /* ToastLocation.swift in Sources */,
				03FE14082BF94FFB00A8377F /* ErrorView.swift in Sources */,
				030FF67D2BC8524500F6BFAC /* CustomTabItem.swift in Sources */,
				CD4D59202B87B63300B82964 /* SettingsOptions.swift in Sources */,
				03500C242BF55D0E00CAA076 /* Toast.swift in Sources */,
				030FF67F2BC8544700F6BFAC /* CustomTabBarController.swift in Sources */,
				CD4D58F82B87B0D100B82964 /* InternetSpeed.swift in Sources */,
				0382A7F02C09F0F800C79DDA /* PersonView.swift in Sources */,
				CDBFCB6C2C054AA7008CD468 /* TilePostView.swift in Sources */,
				CD4D58932B86BA5C00B82964 /* StandardPalette.swift in Sources */,
				03D2A63F2C010DBF00ED4FF2 /* GuestSession.swift in Sources */,
				030FF6812BC859FD00F6BFAC /* CustomTabViewHostingController.swift in Sources */,
				03E614DB2C0B596900F692A4 /* ToolbarEllipsisMenu.swift in Sources */,
				CD4D58AD2B86BE7100B82964 /* QuickSwitcherView.swift in Sources */,
				0355F9462C150B2300605248 /* ExternalApiInfoView.swift in Sources */,
				6363D5C527EE196700E34822 /* MlemApp.swift in Sources */,
				AD1B0D372A5F7A260006F554 /* Licenses.swift in Sources */,
				03E614E72C0BCDC200F692A4 /* FullyQualifiedLinkView.swift in Sources */,
				B1B78D642A51D53900F72485 /* AppDelegate.swift in Sources */,
			);
			runOnlyForDeploymentPostprocessing = 0;
		};
		6363D5D227EE196A00E34822 /* Sources */ = {
			isa = PBXSourcesBuildPhase;
			buildActionMask = 2147483647;
			files = (
				CD4D583F2B86855F00B82964 /* MlemTests.swift in Sources */,
			);
			runOnlyForDeploymentPostprocessing = 0;
		};
		6363D5DC27EE196A00E34822 /* Sources */ = {
			isa = PBXSourcesBuildPhase;
			buildActionMask = 2147483647;
			files = (
				CD4D58412B86858100B82964 /* MlemUITests.swift in Sources */,
			);
			runOnlyForDeploymentPostprocessing = 0;
		};
/* End PBXSourcesBuildPhase section */

/* Begin PBXTargetDependency section */
		6363D5D827EE196A00E34822 /* PBXTargetDependency */ = {
			isa = PBXTargetDependency;
			target = 6363D5C027EE196700E34822 /* Mlem */;
			targetProxy = 6363D5D727EE196A00E34822 /* PBXContainerItemProxy */;
		};
		6363D5E227EE196A00E34822 /* PBXTargetDependency */ = {
			isa = PBXTargetDependency;
			target = 6363D5C027EE196700E34822 /* Mlem */;
			targetProxy = 6363D5E127EE196A00E34822 /* PBXContainerItemProxy */;
		};
/* End PBXTargetDependency section */

/* Begin XCBuildConfiguration section */
		6363D5E827EE196A00E34822 /* Debug */ = {
			isa = XCBuildConfiguration;
			buildSettings = {
				ALWAYS_SEARCH_USER_PATHS = NO;
				CLANG_ANALYZER_NONNULL = YES;
				CLANG_ANALYZER_NUMBER_OBJECT_CONVERSION = YES_AGGRESSIVE;
				CLANG_CXX_LANGUAGE_STANDARD = "gnu++17";
				CLANG_ENABLE_CODE_COVERAGE = NO;
				CLANG_ENABLE_MODULES = YES;
				CLANG_ENABLE_OBJC_ARC = YES;
				CLANG_ENABLE_OBJC_WEAK = YES;
				CLANG_WARN_BLOCK_CAPTURE_AUTORELEASING = YES;
				CLANG_WARN_BOOL_CONVERSION = YES;
				CLANG_WARN_COMMA = YES;
				CLANG_WARN_CONSTANT_CONVERSION = YES;
				CLANG_WARN_DEPRECATED_OBJC_IMPLEMENTATIONS = YES;
				CLANG_WARN_DIRECT_OBJC_ISA_USAGE = YES_ERROR;
				CLANG_WARN_DOCUMENTATION_COMMENTS = YES;
				CLANG_WARN_EMPTY_BODY = YES;
				CLANG_WARN_ENUM_CONVERSION = YES;
				CLANG_WARN_INFINITE_RECURSION = YES;
				CLANG_WARN_INT_CONVERSION = YES;
				CLANG_WARN_NON_LITERAL_NULL_CONVERSION = YES;
				CLANG_WARN_OBJC_IMPLICIT_RETAIN_SELF = YES;
				CLANG_WARN_OBJC_LITERAL_CONVERSION = YES;
				CLANG_WARN_OBJC_ROOT_CLASS = YES_ERROR;
				CLANG_WARN_QUOTED_INCLUDE_IN_FRAMEWORK_HEADER = YES;
				CLANG_WARN_RANGE_LOOP_ANALYSIS = YES;
				CLANG_WARN_STRICT_PROTOTYPES = YES;
				CLANG_WARN_SUSPICIOUS_MOVE = YES;
				CLANG_WARN_UNGUARDED_AVAILABILITY = YES_AGGRESSIVE;
				CLANG_WARN_UNREACHABLE_CODE = YES;
				CLANG_WARN__DUPLICATE_METHOD_MATCH = YES;
				COPY_PHASE_STRIP = NO;
				DEBUG_INFORMATION_FORMAT = dwarf;
				ENABLE_STRICT_OBJC_MSGSEND = YES;
				ENABLE_TESTABILITY = YES;
				GCC_C_LANGUAGE_STANDARD = gnu11;
				GCC_DYNAMIC_NO_PIC = NO;
				GCC_NO_COMMON_BLOCKS = YES;
				GCC_OPTIMIZATION_LEVEL = 0;
				GCC_PREPROCESSOR_DEFINITIONS = (
					"DEBUG=1",
					"$(inherited)",
				);
				GCC_WARN_64_TO_32_BIT_CONVERSION = YES;
				GCC_WARN_ABOUT_RETURN_TYPE = YES_ERROR;
				GCC_WARN_UNDECLARED_SELECTOR = YES;
				GCC_WARN_UNINITIALIZED_AUTOS = YES_AGGRESSIVE;
				GCC_WARN_UNUSED_FUNCTION = YES;
				GCC_WARN_UNUSED_VARIABLE = YES;
				IPHONEOS_DEPLOYMENT_TARGET = 15.4;
				MTL_ENABLE_DEBUG_INFO = INCLUDE_SOURCE;
				MTL_FAST_MATH = YES;
				ONLY_ACTIVE_ARCH = YES;
				SDKROOT = iphoneos;
				SWIFT_ACTIVE_COMPILATION_CONDITIONS = DEBUG;
				SWIFT_OBJC_BRIDGING_HEADER = "";
				SWIFT_OPTIMIZATION_LEVEL = "-Onone";
			};
			name = Debug;
		};
		6363D5E927EE196A00E34822 /* Release */ = {
			isa = XCBuildConfiguration;
			buildSettings = {
				ALWAYS_SEARCH_USER_PATHS = NO;
				CLANG_ANALYZER_NONNULL = YES;
				CLANG_ANALYZER_NUMBER_OBJECT_CONVERSION = YES_AGGRESSIVE;
				CLANG_CXX_LANGUAGE_STANDARD = "gnu++17";
				CLANG_ENABLE_CODE_COVERAGE = NO;
				CLANG_ENABLE_MODULES = YES;
				CLANG_ENABLE_OBJC_ARC = YES;
				CLANG_ENABLE_OBJC_WEAK = YES;
				CLANG_WARN_BLOCK_CAPTURE_AUTORELEASING = YES;
				CLANG_WARN_BOOL_CONVERSION = YES;
				CLANG_WARN_COMMA = YES;
				CLANG_WARN_CONSTANT_CONVERSION = YES;
				CLANG_WARN_DEPRECATED_OBJC_IMPLEMENTATIONS = YES;
				CLANG_WARN_DIRECT_OBJC_ISA_USAGE = YES_ERROR;
				CLANG_WARN_DOCUMENTATION_COMMENTS = YES;
				CLANG_WARN_EMPTY_BODY = YES;
				CLANG_WARN_ENUM_CONVERSION = YES;
				CLANG_WARN_INFINITE_RECURSION = YES;
				CLANG_WARN_INT_CONVERSION = YES;
				CLANG_WARN_NON_LITERAL_NULL_CONVERSION = YES;
				CLANG_WARN_OBJC_IMPLICIT_RETAIN_SELF = YES;
				CLANG_WARN_OBJC_LITERAL_CONVERSION = YES;
				CLANG_WARN_OBJC_ROOT_CLASS = YES_ERROR;
				CLANG_WARN_QUOTED_INCLUDE_IN_FRAMEWORK_HEADER = YES;
				CLANG_WARN_RANGE_LOOP_ANALYSIS = YES;
				CLANG_WARN_STRICT_PROTOTYPES = YES;
				CLANG_WARN_SUSPICIOUS_MOVE = YES;
				CLANG_WARN_UNGUARDED_AVAILABILITY = YES_AGGRESSIVE;
				CLANG_WARN_UNREACHABLE_CODE = YES;
				CLANG_WARN__DUPLICATE_METHOD_MATCH = YES;
				COPY_PHASE_STRIP = NO;
				DEBUG_INFORMATION_FORMAT = "dwarf-with-dsym";
				ENABLE_NS_ASSERTIONS = NO;
				ENABLE_STRICT_OBJC_MSGSEND = YES;
				GCC_C_LANGUAGE_STANDARD = gnu11;
				GCC_NO_COMMON_BLOCKS = YES;
				GCC_WARN_64_TO_32_BIT_CONVERSION = YES;
				GCC_WARN_ABOUT_RETURN_TYPE = YES_ERROR;
				GCC_WARN_UNDECLARED_SELECTOR = YES;
				GCC_WARN_UNINITIALIZED_AUTOS = YES_AGGRESSIVE;
				GCC_WARN_UNUSED_FUNCTION = YES;
				GCC_WARN_UNUSED_VARIABLE = YES;
				IPHONEOS_DEPLOYMENT_TARGET = 15.4;
				MTL_ENABLE_DEBUG_INFO = NO;
				MTL_FAST_MATH = YES;
				SDKROOT = iphoneos;
				SWIFT_COMPILATION_MODE = wholemodule;
				SWIFT_OBJC_BRIDGING_HEADER = "";
				"SWIFT_OBJC_BRIDGING_HEADER[arch=*]" = "";
				SWIFT_OPTIMIZATION_LEVEL = "-O";
				VALIDATE_PRODUCT = YES;
			};
			name = Release;
		};
		6363D5EB27EE196A00E34822 /* Debug */ = {
			isa = XCBuildConfiguration;
			buildSettings = {
				ASSETCATALOG_COMPILER_APPICON_NAME = AppIcon;
				ASSETCATALOG_COMPILER_GLOBAL_ACCENT_COLOR_NAME = AccentColor;
				ASSETCATALOG_COMPILER_INCLUDE_ALL_APPICON_ASSETS = YES;
				CLANG_ENABLE_CODE_COVERAGE = NO;
				CODE_SIGN_ENTITLEMENTS = Mlem/Mlem.entitlements;
				CODE_SIGN_STYLE = Automatic;
				CURRENT_PROJECT_VERSION = "local build";
				DEVELOPMENT_ASSET_PATHS = "\"Mlem/Preview Content\"";
				DEVELOPMENT_TEAM = 76ULHQGAPN;
				ENABLE_PREVIEWS = YES;
				GENERATE_INFOPLIST_FILE = YES;
				INFOPLIST_FILE = Mlem/Info.plist;
				INFOPLIST_KEY_CFBundleDisplayName = Mlem;
				INFOPLIST_KEY_LSApplicationCategoryType = "public.app-category.entertainment";
				INFOPLIST_KEY_NSFaceIDUsageDescription = "Mlem requires Face ID permissions for app locking feature.";
				INFOPLIST_KEY_NSPhotoLibraryAddUsageDescription = "";
				INFOPLIST_KEY_UIApplicationSceneManifest_Generation = YES;
				INFOPLIST_KEY_UIApplicationSupportsIndirectInputEvents = YES;
				INFOPLIST_KEY_UILaunchScreen_Generation = YES;
				INFOPLIST_KEY_UISupportedInterfaceOrientations = UIInterfaceOrientationPortrait;
				INFOPLIST_KEY_UISupportedInterfaceOrientations_iPad = "UIInterfaceOrientationPortrait UIInterfaceOrientationPortraitUpsideDown UIInterfaceOrientationLandscapeLeft UIInterfaceOrientationLandscapeRight";
				INFOPLIST_KEY_UISupportedInterfaceOrientations_iPhone = "UIInterfaceOrientationPortrait UIInterfaceOrientationLandscapeLeft UIInterfaceOrientationLandscapeRight";
				IPHONEOS_DEPLOYMENT_TARGET = 17.0;
				LD_RUNPATH_SEARCH_PATHS = (
					"$(inherited)",
					"@executable_path/Frameworks",
				);
				MARKETING_VERSION = 1.3;
				PRODUCT_BUNDLE_IDENTIFIER = com.hanners.Mlem;
				PRODUCT_NAME = "$(TARGET_NAME)";
				SUPPORTED_PLATFORMS = "iphoneos iphonesimulator";
				SUPPORTS_MACCATALYST = YES;
				SUPPORTS_MAC_DESIGNED_FOR_IPHONE_IPAD = NO;
				SUPPORTS_XR_DESIGNED_FOR_IPHONE_IPAD = NO;
				SWIFT_EMIT_LOC_STRINGS = YES;
				SWIFT_VERSION = 5.0;
				TARGETED_DEVICE_FAMILY = "1,2";
			};
			name = Debug;
		};
		6363D5EC27EE196A00E34822 /* Release */ = {
			isa = XCBuildConfiguration;
			buildSettings = {
				ASSETCATALOG_COMPILER_APPICON_NAME = AppIcon;
				ASSETCATALOG_COMPILER_GLOBAL_ACCENT_COLOR_NAME = AccentColor;
				ASSETCATALOG_COMPILER_INCLUDE_ALL_APPICON_ASSETS = YES;
				CLANG_ENABLE_CODE_COVERAGE = NO;
				CODE_SIGN_ENTITLEMENTS = Mlem/Mlem.entitlements;
				CODE_SIGN_STYLE = Automatic;
				CURRENT_PROJECT_VERSION = "local build";
				DEVELOPMENT_ASSET_PATHS = "\"Mlem/Preview Content\"";
				DEVELOPMENT_TEAM = 76ULHQGAPN;
				ENABLE_PREVIEWS = YES;
				GENERATE_INFOPLIST_FILE = YES;
				INFOPLIST_FILE = Mlem/Info.plist;
				INFOPLIST_KEY_CFBundleDisplayName = Mlem;
				INFOPLIST_KEY_LSApplicationCategoryType = "public.app-category.entertainment";
				INFOPLIST_KEY_NSFaceIDUsageDescription = "Mlem requires Face ID permissions for app locking feature.";
				INFOPLIST_KEY_NSPhotoLibraryAddUsageDescription = "";
				INFOPLIST_KEY_UIApplicationSceneManifest_Generation = YES;
				INFOPLIST_KEY_UIApplicationSupportsIndirectInputEvents = YES;
				INFOPLIST_KEY_UILaunchScreen_Generation = YES;
				INFOPLIST_KEY_UISupportedInterfaceOrientations = UIInterfaceOrientationPortrait;
				INFOPLIST_KEY_UISupportedInterfaceOrientations_iPad = "UIInterfaceOrientationPortrait UIInterfaceOrientationPortraitUpsideDown UIInterfaceOrientationLandscapeLeft UIInterfaceOrientationLandscapeRight";
				INFOPLIST_KEY_UISupportedInterfaceOrientations_iPhone = "UIInterfaceOrientationPortrait UIInterfaceOrientationLandscapeLeft UIInterfaceOrientationLandscapeRight";
				IPHONEOS_DEPLOYMENT_TARGET = 17.0;
				LD_RUNPATH_SEARCH_PATHS = (
					"$(inherited)",
					"@executable_path/Frameworks",
				);
				MARKETING_VERSION = 1.3;
				PRODUCT_BUNDLE_IDENTIFIER = com.hanners.Mlem;
				PRODUCT_NAME = "$(TARGET_NAME)";
				SUPPORTED_PLATFORMS = "iphoneos iphonesimulator";
				SUPPORTS_MACCATALYST = YES;
				SUPPORTS_MAC_DESIGNED_FOR_IPHONE_IPAD = NO;
				SUPPORTS_XR_DESIGNED_FOR_IPHONE_IPAD = NO;
				SWIFT_EMIT_LOC_STRINGS = YES;
				SWIFT_VERSION = 5.0;
				TARGETED_DEVICE_FAMILY = "1,2";
			};
			name = Release;
		};
		6363D5EE27EE196A00E34822 /* Debug */ = {
			isa = XCBuildConfiguration;
			buildSettings = {
				ALWAYS_EMBED_SWIFT_STANDARD_LIBRARIES = YES;
				BUNDLE_LOADER = "$(TEST_HOST)";
				CLANG_ENABLE_CODE_COVERAGE = NO;
				CLANG_ENABLE_MODULES = YES;
				CODE_SIGN_STYLE = Automatic;
				CURRENT_PROJECT_VERSION = 1;
				DEVELOPMENT_TEAM = 76ULHQGAPN;
				GENERATE_INFOPLIST_FILE = YES;
				IPHONEOS_DEPLOYMENT_TARGET = 17.0;
				MARKETING_VERSION = 1.0;
				PRODUCT_BUNDLE_IDENTIFIER = com.hanners.MlemTests;
				PRODUCT_NAME = "$(TARGET_NAME)";
				SWIFT_EMIT_LOC_STRINGS = NO;
				SWIFT_OPTIMIZATION_LEVEL = "-Onone";
				SWIFT_VERSION = 5.0;
				TARGETED_DEVICE_FAMILY = "1,2";
				TEST_HOST = "$(BUILT_PRODUCTS_DIR)/Mlem.app/Mlem";
			};
			name = Debug;
		};
		6363D5EF27EE196A00E34822 /* Release */ = {
			isa = XCBuildConfiguration;
			buildSettings = {
				ALWAYS_EMBED_SWIFT_STANDARD_LIBRARIES = YES;
				BUNDLE_LOADER = "$(TEST_HOST)";
				CLANG_ENABLE_CODE_COVERAGE = NO;
				CLANG_ENABLE_MODULES = YES;
				CODE_SIGN_STYLE = Automatic;
				CURRENT_PROJECT_VERSION = 1;
				DEVELOPMENT_TEAM = 76ULHQGAPN;
				GENERATE_INFOPLIST_FILE = YES;
				IPHONEOS_DEPLOYMENT_TARGET = 17.0;
				MARKETING_VERSION = 1.0;
				PRODUCT_BUNDLE_IDENTIFIER = com.hanners.MlemTests;
				PRODUCT_NAME = "$(TARGET_NAME)";
				SWIFT_EMIT_LOC_STRINGS = NO;
				SWIFT_VERSION = 5.0;
				TARGETED_DEVICE_FAMILY = "1,2";
				TEST_HOST = "$(BUILT_PRODUCTS_DIR)/Mlem.app/Mlem";
			};
			name = Release;
		};
		6363D5F127EE196A00E34822 /* Debug */ = {
			isa = XCBuildConfiguration;
			buildSettings = {
				ALWAYS_EMBED_SWIFT_STANDARD_LIBRARIES = YES;
				CLANG_ENABLE_CODE_COVERAGE = NO;
				CLANG_ENABLE_MODULES = YES;
				CODE_SIGN_STYLE = Automatic;
				CURRENT_PROJECT_VERSION = 1;
				DEVELOPMENT_TEAM = 76ULHQGAPN;
				GENERATE_INFOPLIST_FILE = YES;
				IPHONEOS_DEPLOYMENT_TARGET = 17.0;
				MARKETING_VERSION = 1.0;
				PRODUCT_BUNDLE_IDENTIFIER = com.hanners.MlemUITests;
				PRODUCT_NAME = "$(TARGET_NAME)";
				SWIFT_EMIT_LOC_STRINGS = NO;
				SWIFT_OPTIMIZATION_LEVEL = "-Onone";
				SWIFT_VERSION = 5.0;
				TARGETED_DEVICE_FAMILY = "1,2";
				TEST_TARGET_NAME = Mlem;
			};
			name = Debug;
		};
		6363D5F227EE196A00E34822 /* Release */ = {
			isa = XCBuildConfiguration;
			buildSettings = {
				ALWAYS_EMBED_SWIFT_STANDARD_LIBRARIES = YES;
				CLANG_ENABLE_CODE_COVERAGE = NO;
				CLANG_ENABLE_MODULES = YES;
				CODE_SIGN_STYLE = Automatic;
				CURRENT_PROJECT_VERSION = 1;
				DEVELOPMENT_TEAM = 76ULHQGAPN;
				GENERATE_INFOPLIST_FILE = YES;
				IPHONEOS_DEPLOYMENT_TARGET = 17.0;
				MARKETING_VERSION = 1.0;
				PRODUCT_BUNDLE_IDENTIFIER = com.hanners.MlemUITests;
				PRODUCT_NAME = "$(TARGET_NAME)";
				SWIFT_EMIT_LOC_STRINGS = NO;
				SWIFT_VERSION = 5.0;
				TARGETED_DEVICE_FAMILY = "1,2";
				TEST_TARGET_NAME = Mlem;
			};
			name = Release;
		};
/* End XCBuildConfiguration section */

/* Begin XCConfigurationList section */
		6363D5BC27EE196700E34822 /* Build configuration list for PBXProject "Mlem" */ = {
			isa = XCConfigurationList;
			buildConfigurations = (
				6363D5E827EE196A00E34822 /* Debug */,
				6363D5E927EE196A00E34822 /* Release */,
			);
			defaultConfigurationIsVisible = 0;
			defaultConfigurationName = Release;
		};
		6363D5EA27EE196A00E34822 /* Build configuration list for PBXNativeTarget "Mlem" */ = {
			isa = XCConfigurationList;
			buildConfigurations = (
				6363D5EB27EE196A00E34822 /* Debug */,
				6363D5EC27EE196A00E34822 /* Release */,
			);
			defaultConfigurationIsVisible = 0;
			defaultConfigurationName = Release;
		};
		6363D5ED27EE196A00E34822 /* Build configuration list for PBXNativeTarget "MlemTests" */ = {
			isa = XCConfigurationList;
			buildConfigurations = (
				6363D5EE27EE196A00E34822 /* Debug */,
				6363D5EF27EE196A00E34822 /* Release */,
			);
			defaultConfigurationIsVisible = 0;
			defaultConfigurationName = Release;
		};
		6363D5F027EE196A00E34822 /* Build configuration list for PBXNativeTarget "MlemUITests" */ = {
			isa = XCConfigurationList;
			buildConfigurations = (
				6363D5F127EE196A00E34822 /* Debug */,
				6363D5F227EE196A00E34822 /* Release */,
			);
			defaultConfigurationIsVisible = 0;
			defaultConfigurationName = Release;
		};
/* End XCConfigurationList section */

/* Begin XCRemoteSwiftPackageReference section */
		037386452BDAFE81007492B5 /* XCRemoteSwiftPackageReference "LemmyMarkdownUI" */ = {
			isa = XCRemoteSwiftPackageReference;
			repositoryURL = "https://github.com/mlemgroup/LemmyMarkdownUI";
			requirement = {
				branch = main;
				kind = branch;
			};
		};
		0392826E2BC84E480097F91A /* XCRemoteSwiftPackageReference "SwiftUI-Introspect" */ = {
			isa = XCRemoteSwiftPackageReference;
			repositoryURL = "https://github.com/siteline/SwiftUI-Introspect";
			requirement = {
				kind = upToNextMajorVersion;
				minimumVersion = 1.1.3;
			};
		};
		50C99B542A61D792005D57DD /* XCRemoteSwiftPackageReference "swift-dependencies" */ = {
			isa = XCRemoteSwiftPackageReference;
			repositoryURL = "https://github.com/pointfreeco/swift-dependencies";
			requirement = {
				kind = upToNextMajorVersion;
				minimumVersion = 0.5.1;
			};
		};
		636250DA2A18111400FC59B4 /* XCRemoteSwiftPackageReference "KeychainAccess" */ = {
			isa = XCRemoteSwiftPackageReference;
			repositoryURL = "https://github.com/kishikawakatsumi/KeychainAccess.git";
			requirement = {
				branch = master;
				kind = branch;
			};
		};
		B104A6D62A59BF3C00B3E725 /* XCRemoteSwiftPackageReference "Nuke" */ = {
			isa = XCRemoteSwiftPackageReference;
			repositoryURL = "https://github.com/kean/Nuke";
			requirement = {
				kind = upToNextMajorVersion;
				minimumVersion = 12.1.2;
			};
		};
		CD4368BF2AE23FD400BD8BD1 /* XCRemoteSwiftPackageReference "Semaphore" */ = {
			isa = XCRemoteSwiftPackageReference;
			repositoryURL = "https://github.com/groue/Semaphore";
			requirement = {
				kind = upToNextMajorVersion;
				minimumVersion = 0.0.8;
			};
		};
		CD59DE2A2BE467E600445EED /* XCRemoteSwiftPackageReference "MlemMiddleware" */ = {
			isa = XCRemoteSwiftPackageReference;
			repositoryURL = "https://github.com/mlemgroup/MlemMiddleware.git";
			requirement = {
				kind = upToNextMinorVersion;
				minimumVersion = 0.3.0;
			};
		};
		CD7882A32BFE5EB5002E1A30 /* XCRemoteSwiftPackageReference "MlemMiddleware" */ = {
			isa = XCRemoteSwiftPackageReference;
			repositoryURL = "https://github.com/mlemgroup/MlemMiddleware.git";
			requirement = {
				kind = upToNextMinorVersion;
				minimumVersion = 0.7.0;
			};
		};
/* End XCRemoteSwiftPackageReference section */

/* Begin XCSwiftPackageProductDependency section */
		030FF6782BC84F7E00F6BFAC /* SwiftUIIntrospect */ = {
			isa = XCSwiftPackageProductDependency;
			package = 0392826E2BC84E480097F91A /* XCRemoteSwiftPackageReference "SwiftUI-Introspect" */;
			productName = SwiftUIIntrospect;
		};
		037386462BDAFE81007492B5 /* LemmyMarkdownUI */ = {
			isa = XCSwiftPackageProductDependency;
			package = 037386452BDAFE81007492B5 /* XCRemoteSwiftPackageReference "LemmyMarkdownUI" */;
			productName = LemmyMarkdownUI;
		};
		50C99B552A61D792005D57DD /* Dependencies */ = {
			isa = XCSwiftPackageProductDependency;
			package = 50C99B542A61D792005D57DD /* XCRemoteSwiftPackageReference "swift-dependencies" */;
			productName = Dependencies;
		};
		636250DB2A18111400FC59B4 /* KeychainAccess */ = {
			isa = XCSwiftPackageProductDependency;
			package = 636250DA2A18111400FC59B4 /* XCRemoteSwiftPackageReference "KeychainAccess" */;
			productName = KeychainAccess;
		};
		B104A6D72A59BF3C00B3E725 /* Nuke */ = {
			isa = XCSwiftPackageProductDependency;
			package = B104A6D62A59BF3C00B3E725 /* XCRemoteSwiftPackageReference "Nuke" */;
			productName = Nuke;
		};
		B104A6D92A59BF3C00B3E725 /* NukeExtensions */ = {
			isa = XCSwiftPackageProductDependency;
			package = B104A6D62A59BF3C00B3E725 /* XCRemoteSwiftPackageReference "Nuke" */;
			productName = NukeExtensions;
		};
		B104A6DB2A59BF3C00B3E725 /* NukeUI */ = {
			isa = XCSwiftPackageProductDependency;
			package = B104A6D62A59BF3C00B3E725 /* XCRemoteSwiftPackageReference "Nuke" */;
			productName = NukeUI;
		};
		B104A6DD2A59BF3C00B3E725 /* NukeVideo */ = {
			isa = XCSwiftPackageProductDependency;
			package = B104A6D62A59BF3C00B3E725 /* XCRemoteSwiftPackageReference "Nuke" */;
			productName = NukeVideo;
		};
		CD4368C02AE23FD400BD8BD1 /* Semaphore */ = {
			isa = XCSwiftPackageProductDependency;
			package = CD4368BF2AE23FD400BD8BD1 /* XCRemoteSwiftPackageReference "Semaphore" */;
			productName = Semaphore;
		};
		CD59DE2B2BE467E600445EED /* MlemMiddleware */ = {
			isa = XCSwiftPackageProductDependency;
			package = CD59DE2A2BE467E600445EED /* XCRemoteSwiftPackageReference "MlemMiddleware" */;
			productName = MlemMiddleware;
		};
/* End XCSwiftPackageProductDependency section */
	};
	rootObject = 6363D5B927EE196700E34822 /* Project object */;
}
