// !$*UTF8*$!
{
	archiveVersion = 1;
	classes = {
	};
	objectVersion = 55;
	objects = {

/* Begin PBXBuildFile section */
		631891162A03B0AC00EDA8D1 /* Parse JSON.swift in Sources */ = {isa = PBXBuildFile; fileRef = 631891152A03B0AC00EDA8D1 /* Parse JSON.swift */; };
		6318DE5427FB958800CC2AD6 /* Stickied Tag.swift in Sources */ = {isa = PBXBuildFile; fileRef = 6318DE5327FB958800CC2AD6 /* Stickied Tag.swift */; };
		6318DE5627FBAE3600CC2AD6 /* Share Sheet.swift in Sources */ = {isa = PBXBuildFile; fileRef = 6318DE5527FBAE3600CC2AD6 /* Share Sheet.swift */; };
		6318EDC327EE4D7F00BFCAE8 /* Post Item.swift in Sources */ = {isa = PBXBuildFile; fileRef = 6318EDC227EE4D7F00BFCAE8 /* Post Item.swift */; };
		6318EDC727EE4E1500BFCAE8 /* Post.swift in Sources */ = {isa = PBXBuildFile; fileRef = 6318EDC627EE4E1500BFCAE8 /* Post.swift */; };
		6318EDC927EE4E1C00BFCAE8 /* Comment.swift in Sources */ = {isa = PBXBuildFile; fileRef = 6318EDC827EE4E1C00BFCAE8 /* Comment.swift */; };
		6318EDCB27EE4E2200BFCAE8 /* User.swift in Sources */ = {isa = PBXBuildFile; fileRef = 6318EDCA27EE4E2200BFCAE8 /* User.swift */; };
		6322A5CB27F77A4D00135D4F /* Loading View.swift in Sources */ = {isa = PBXBuildFile; fileRef = 6322A5CA27F77A4D00135D4F /* Loading View.swift */; };
		6322A5D027F8629700135D4F /* User Profile Link.swift in Sources */ = {isa = PBXBuildFile; fileRef = 6322A5CF27F8629700135D4F /* User Profile Link.swift */; };
		6322A5D227F88CFD00135D4F /* Time Parser.swift in Sources */ = {isa = PBXBuildFile; fileRef = 6322A5D127F88CFD00135D4F /* Time Parser.swift */; };
		632E8EE627EE63D3007E8D75 /* Upvote.swift in Sources */ = {isa = PBXBuildFile; fileRef = 632E8EE527EE63D3007E8D75 /* Upvote.swift */; };
		632E8EE827EE63DB007E8D75 /* Downvote.swift in Sources */ = {isa = PBXBuildFile; fileRef = 632E8EE727EE63DB007E8D75 /* Downvote.swift */; };
		632E8EEA27EE63F4007E8D75 /* Share.swift in Sources */ = {isa = PBXBuildFile; fileRef = 632E8EE927EE63F4007E8D75 /* Share.swift */; };
		6332FDBD27EFAF7C0009A98A /* Settings.bundle in Resources */ = {isa = PBXBuildFile; fileRef = 6332FDBC27EFAF7B0009A98A /* Settings.bundle */; };
		6332FDC027EFB05F0009A98A /* Settings Item.swift in Sources */ = {isa = PBXBuildFile; fileRef = 6332FDBF27EFB05F0009A98A /* Settings Item.swift */; };
		6332FDC327EFCB5F0009A98A /* Color.swift in Sources */ = {isa = PBXBuildFile; fileRef = 6332FDC227EFCB5F0009A98A /* Color.swift */; };
		6332FDCA27EFD6B70009A98A /* Post Interactions.swift in Sources */ = {isa = PBXBuildFile; fileRef = 6332FDC927EFD6B70009A98A /* Post Interactions.swift */; };
		6332FDCC27EFD6F90009A98A /* Post Info.swift in Sources */ = {isa = PBXBuildFile; fileRef = 6332FDCB27EFD6F90009A98A /* Post Info.swift */; };
		6332FDCF27EFDD2E0009A98A /* Instance and Community List View.swift in Sources */ = {isa = PBXBuildFile; fileRef = 6332FDCE27EFDD2E0009A98A /* Instance and Community List View.swift */; };
		6332FDD327F080EF0009A98A /* Community View.swift in Sources */ = {isa = PBXBuildFile; fileRef = 6332FDD227F080EF0009A98A /* Community View.swift */; };
		6332FDDA27F083590009A98A /* About Me.swift in Sources */ = {isa = PBXBuildFile; fileRef = 6332FDD927F083590009A98A /* About Me.swift */; };
		6363D5C527EE196700E34822 /* MlemApp.swift in Sources */ = {isa = PBXBuildFile; fileRef = 6363D5C427EE196700E34822 /* MlemApp.swift */; };
		6363D5C727EE196700E34822 /* ContentView.swift in Sources */ = {isa = PBXBuildFile; fileRef = 6363D5C627EE196700E34822 /* ContentView.swift */; };
		6363D5C927EE196A00E34822 /* Assets.xcassets in Resources */ = {isa = PBXBuildFile; fileRef = 6363D5C827EE196A00E34822 /* Assets.xcassets */; };
		6363D5CC27EE196A00E34822 /* Preview Assets.xcassets in Resources */ = {isa = PBXBuildFile; fileRef = 6363D5CB27EE196A00E34822 /* Preview Assets.xcassets */; };
		6363D5DB27EE196A00E34822 /* MlemTests.swift in Sources */ = {isa = PBXBuildFile; fileRef = 6363D5DA27EE196A00E34822 /* MlemTests.swift */; };
		6363D5E527EE196A00E34822 /* MlemUITests.swift in Sources */ = {isa = PBXBuildFile; fileRef = 6363D5E427EE196A00E34822 /* MlemUITests.swift */; };
		6363D5E727EE196A00E34822 /* MlemUITestsLaunchTests.swift in Sources */ = {isa = PBXBuildFile; fileRef = 6363D5E627EE196A00E34822 /* MlemUITestsLaunchTests.swift */; };
		6363D5F827EE1BCF00E34822 /* Posts View.swift in Sources */ = {isa = PBXBuildFile; fileRef = 6363D5F727EE1BCF00E34822 /* Posts View.swift */; };
		6363D5FA27EE1BDA00E34822 /* Settings View.swift in Sources */ = {isa = PBXBuildFile; fileRef = 6363D5F927EE1BDA00E34822 /* Settings View.swift */; };
		6363D60227EE1EC400E34822 /* Comment Item.swift in Sources */ = {isa = PBXBuildFile; fileRef = 6363D60127EE1EC400E34822 /* Comment Item.swift */; };
		6363D60427EE20A200E34822 /* Post Expanded.swift in Sources */ = {isa = PBXBuildFile; fileRef = 6363D60327EE20A200E34822 /* Post Expanded.swift */; };
		6367F23D27F10E4E0074C36F /* Post Parser.swift in Sources */ = {isa = PBXBuildFile; fileRef = 6367F23C27F10E4E0074C36F /* Post Parser.swift */; };
		6367F23F27F10E580074C36F /* Comment Parser.swift in Sources */ = {isa = PBXBuildFile; fileRef = 6367F23E27F10E580074C36F /* Comment Parser.swift */; };
		6386E02A2A03D0C3006B3C1D /* Post Tracker.swift in Sources */ = {isa = PBXBuildFile; fileRef = 6386E0292A03D0C3006B3C1D /* Post Tracker.swift */; };
		6386E02C2A03D1EC006B3C1D /* App State.swift in Sources */ = {isa = PBXBuildFile; fileRef = 6386E02B2A03D1EC006B3C1D /* App State.swift */; };
		6386E02F2A03ED39006B3C1D /* Comment Tracker.swift in Sources */ = {isa = PBXBuildFile; fileRef = 6386E02E2A03ED39006B3C1D /* Comment Tracker.swift */; };
		6386E0312A0427B6006B3C1D /* View - Conditional Modifier.swift in Sources */ = {isa = PBXBuildFile; fileRef = 6386E0302A0427B6006B3C1D /* View - Conditional Modifier.swift */; };
		6386E0342A042C44006B3C1D /* Contributors View.swift in Sources */ = {isa = PBXBuildFile; fileRef = 6386E0332A042C44006B3C1D /* Contributors View.swift */; };
		6386E0362A042C59006B3C1D /* Contributor.swift in Sources */ = {isa = PBXBuildFile; fileRef = 6386E0352A042C59006B3C1D /* Contributor.swift */; };
		6386E03A2A0455BC006B3C1D /* String - Contains Elements From Array.swift in Sources */ = {isa = PBXBuildFile; fileRef = 6386E0392A0455BC006B3C1D /* String - Contains Elements From Array.swift */; };
		6386E0402A045723006B3C1D /* Website Icon Complex.swift in Sources */ = {isa = PBXBuildFile; fileRef = 6386E03F2A045723006B3C1D /* Website Icon Complex.swift */; };
		6386E0422A04F6C2006B3C1D /* In-App Safari.swift in Sources */ = {isa = PBXBuildFile; fileRef = 6386E0412A04F6C2006B3C1D /* In-App Safari.swift */; };
		6386E0472A050817006B3C1D /* Date - Parse ISO Date.swift in Sources */ = {isa = PBXBuildFile; fileRef = 6386E0462A050817006B3C1D /* Date - Parse ISO Date.swift */; };
		6399719827F465D70057F611 /* Comment List.swift in Sources */ = {isa = PBXBuildFile; fileRef = 6399719727F465D70057F611 /* Comment List.swift */; };
		63A08925285E625D00EE9BC0 /* Infinite Loader.swift in Sources */ = {isa = PBXBuildFile; fileRef = 63A08924285E625D00EE9BC0 /* Infinite Loader.swift */; };
		63A09B69285F53E9004F0032 /* Error View.swift in Sources */ = {isa = PBXBuildFile; fileRef = 63A09B68285F53E9004F0032 /* Error View.swift */; };
		63ABCE0E27F894060047A7D0 /* User View.swift in Sources */ = {isa = PBXBuildFile; fileRef = 63ABCE0D27F894060047A7D0 /* User View.swift */; };
		63DF71EC2A02986B002AC14E /* Send Command.swift in Sources */ = {isa = PBXBuildFile; fileRef = 63DF71EB2A02986B002AC14E /* Send Command.swift */; };
		63DF71EF2A02988A002AC14E /* SwiftyJSON in Frameworks */ = {isa = PBXBuildFile; productRef = 63DF71EE2A02988A002AC14E /* SwiftyJSON */; };
		63DF71F12A02999C002AC14E /* App Constants.swift in Sources */ = {isa = PBXBuildFile; fileRef = 63DF71F02A02999C002AC14E /* App Constants.swift */; };
		63EAFDA327F5AEB700FEBE9C /* Reply View.swift in Sources */ = {isa = PBXBuildFile; fileRef = 63EAFDA227F5AEB700FEBE9C /* Reply View.swift */; };
		63EBBF1B27FCAC3B00E70532 /* Search Sheet.swift in Sources */ = {isa = PBXBuildFile; fileRef = 63EBBF1A27FCAC3B00E70532 /* Search Sheet.swift */; };
		63EBBF1E27FCAE0C00E70532 /* Search Field.swift in Sources */ = {isa = PBXBuildFile; fileRef = 63EBBF1D27FCAE0C00E70532 /* Search Field.swift */; };
/* End PBXBuildFile section */

/* Begin PBXContainerItemProxy section */
		6363D5D727EE196A00E34822 /* PBXContainerItemProxy */ = {
			isa = PBXContainerItemProxy;
			containerPortal = 6363D5B927EE196700E34822 /* Project object */;
			proxyType = 1;
			remoteGlobalIDString = 6363D5C027EE196700E34822;
			remoteInfo = Mlem;
		};
		6363D5E127EE196A00E34822 /* PBXContainerItemProxy */ = {
			isa = PBXContainerItemProxy;
			containerPortal = 6363D5B927EE196700E34822 /* Project object */;
			proxyType = 1;
			remoteGlobalIDString = 6363D5C027EE196700E34822;
			remoteInfo = Mlem;
		};
/* End PBXContainerItemProxy section */

/* Begin PBXFileReference section */
		630D753C27F65E44006E60C9 /* Info.plist */ = {isa = PBXFileReference; lastKnownFileType = text.plist; path = Info.plist; sourceTree = "<group>"; };
		631891152A03B0AC00EDA8D1 /* Parse JSON.swift */ = {isa = PBXFileReference; lastKnownFileType = sourcecode.swift; path = "Parse JSON.swift"; sourceTree = "<group>"; };
		6318DE5327FB958800CC2AD6 /* Stickied Tag.swift */ = {isa = PBXFileReference; lastKnownFileType = sourcecode.swift; path = "Stickied Tag.swift"; sourceTree = "<group>"; };
		6318DE5527FBAE3600CC2AD6 /* Share Sheet.swift */ = {isa = PBXFileReference; lastKnownFileType = sourcecode.swift; path = "Share Sheet.swift"; sourceTree = "<group>"; };
		6318EDC227EE4D7F00BFCAE8 /* Post Item.swift */ = {isa = PBXFileReference; lastKnownFileType = sourcecode.swift; path = "Post Item.swift"; sourceTree = "<group>"; };
		6318EDC627EE4E1500BFCAE8 /* Post.swift */ = {isa = PBXFileReference; lastKnownFileType = sourcecode.swift; path = Post.swift; sourceTree = "<group>"; };
		6318EDC827EE4E1C00BFCAE8 /* Comment.swift */ = {isa = PBXFileReference; lastKnownFileType = sourcecode.swift; path = Comment.swift; sourceTree = "<group>"; };
		6318EDCA27EE4E2200BFCAE8 /* User.swift */ = {isa = PBXFileReference; lastKnownFileType = sourcecode.swift; path = User.swift; sourceTree = "<group>"; };
		6322A5CA27F77A4D00135D4F /* Loading View.swift */ = {isa = PBXFileReference; lastKnownFileType = sourcecode.swift; path = "Loading View.swift"; sourceTree = "<group>"; };
		6322A5CF27F8629700135D4F /* User Profile Link.swift */ = {isa = PBXFileReference; lastKnownFileType = sourcecode.swift; path = "User Profile Link.swift"; sourceTree = "<group>"; };
		6322A5D127F88CFD00135D4F /* Time Parser.swift */ = {isa = PBXFileReference; lastKnownFileType = sourcecode.swift; path = "Time Parser.swift"; sourceTree = "<group>"; };
		632E8EE527EE63D3007E8D75 /* Upvote.swift */ = {isa = PBXFileReference; lastKnownFileType = sourcecode.swift; path = Upvote.swift; sourceTree = "<group>"; };
		632E8EE727EE63DB007E8D75 /* Downvote.swift */ = {isa = PBXFileReference; lastKnownFileType = sourcecode.swift; path = Downvote.swift; sourceTree = "<group>"; };
		632E8EE927EE63F4007E8D75 /* Share.swift */ = {isa = PBXFileReference; lastKnownFileType = sourcecode.swift; path = Share.swift; sourceTree = "<group>"; };
		6332FDBC27EFAF7B0009A98A /* Settings.bundle */ = {isa = PBXFileReference; lastKnownFileType = "wrapper.plug-in"; path = Settings.bundle; sourceTree = "<group>"; };
		6332FDBF27EFB05F0009A98A /* Settings Item.swift */ = {isa = PBXFileReference; lastKnownFileType = sourcecode.swift; path = "Settings Item.swift"; sourceTree = "<group>"; };
		6332FDC227EFCB5F0009A98A /* Color.swift */ = {isa = PBXFileReference; lastKnownFileType = sourcecode.swift; path = Color.swift; sourceTree = "<group>"; };
		6332FDC927EFD6B70009A98A /* Post Interactions.swift */ = {isa = PBXFileReference; lastKnownFileType = sourcecode.swift; path = "Post Interactions.swift"; sourceTree = "<group>"; };
		6332FDCB27EFD6F90009A98A /* Post Info.swift */ = {isa = PBXFileReference; lastKnownFileType = sourcecode.swift; path = "Post Info.swift"; sourceTree = "<group>"; };
		6332FDCE27EFDD2E0009A98A /* Instance and Community List View.swift */ = {isa = PBXFileReference; lastKnownFileType = sourcecode.swift; path = "Instance and Community List View.swift"; sourceTree = "<group>"; };
		6332FDD227F080EF0009A98A /* Community View.swift */ = {isa = PBXFileReference; lastKnownFileType = sourcecode.swift; path = "Community View.swift"; sourceTree = "<group>"; };
		6332FDD927F083590009A98A /* About Me.swift */ = {isa = PBXFileReference; lastKnownFileType = sourcecode.swift; path = "About Me.swift"; sourceTree = "<group>"; };
		6363D5C127EE196700E34822 /* Mlem.app */ = {isa = PBXFileReference; explicitFileType = wrapper.application; includeInIndex = 0; path = Mlem.app; sourceTree = BUILT_PRODUCTS_DIR; };
		6363D5C427EE196700E34822 /* MlemApp.swift */ = {isa = PBXFileReference; lastKnownFileType = sourcecode.swift; path = MlemApp.swift; sourceTree = "<group>"; };
		6363D5C627EE196700E34822 /* ContentView.swift */ = {isa = PBXFileReference; lastKnownFileType = sourcecode.swift; path = ContentView.swift; sourceTree = "<group>"; };
		6363D5C827EE196A00E34822 /* Assets.xcassets */ = {isa = PBXFileReference; lastKnownFileType = folder.assetcatalog; path = Assets.xcassets; sourceTree = "<group>"; };
		6363D5CB27EE196A00E34822 /* Preview Assets.xcassets */ = {isa = PBXFileReference; lastKnownFileType = folder.assetcatalog; path = "Preview Assets.xcassets"; sourceTree = "<group>"; };
		6363D5D627EE196A00E34822 /* MlemTests.xctest */ = {isa = PBXFileReference; explicitFileType = wrapper.cfbundle; includeInIndex = 0; path = MlemTests.xctest; sourceTree = BUILT_PRODUCTS_DIR; };
		6363D5DA27EE196A00E34822 /* MlemTests.swift */ = {isa = PBXFileReference; lastKnownFileType = sourcecode.swift; path = MlemTests.swift; sourceTree = "<group>"; };
		6363D5E027EE196A00E34822 /* MlemUITests.xctest */ = {isa = PBXFileReference; explicitFileType = wrapper.cfbundle; includeInIndex = 0; path = MlemUITests.xctest; sourceTree = BUILT_PRODUCTS_DIR; };
		6363D5E427EE196A00E34822 /* MlemUITests.swift */ = {isa = PBXFileReference; lastKnownFileType = sourcecode.swift; path = MlemUITests.swift; sourceTree = "<group>"; };
		6363D5E627EE196A00E34822 /* MlemUITestsLaunchTests.swift */ = {isa = PBXFileReference; lastKnownFileType = sourcecode.swift; path = MlemUITestsLaunchTests.swift; sourceTree = "<group>"; };
		6363D5F727EE1BCF00E34822 /* Posts View.swift */ = {isa = PBXFileReference; lastKnownFileType = sourcecode.swift; path = "Posts View.swift"; sourceTree = "<group>"; };
		6363D5F927EE1BDA00E34822 /* Settings View.swift */ = {isa = PBXFileReference; lastKnownFileType = sourcecode.swift; path = "Settings View.swift"; sourceTree = "<group>"; };
		6363D60127EE1EC400E34822 /* Comment Item.swift */ = {isa = PBXFileReference; lastKnownFileType = sourcecode.swift; path = "Comment Item.swift"; sourceTree = "<group>"; };
		6363D60327EE20A200E34822 /* Post Expanded.swift */ = {isa = PBXFileReference; lastKnownFileType = sourcecode.swift; path = "Post Expanded.swift"; sourceTree = "<group>"; };
		6367F23C27F10E4E0074C36F /* Post Parser.swift */ = {isa = PBXFileReference; lastKnownFileType = sourcecode.swift; path = "Post Parser.swift"; sourceTree = "<group>"; };
		6367F23E27F10E580074C36F /* Comment Parser.swift */ = {isa = PBXFileReference; lastKnownFileType = sourcecode.swift; path = "Comment Parser.swift"; sourceTree = "<group>"; };
		6386E0292A03D0C3006B3C1D /* Post Tracker.swift */ = {isa = PBXFileReference; lastKnownFileType = sourcecode.swift; path = "Post Tracker.swift"; sourceTree = "<group>"; };
		6386E02B2A03D1EC006B3C1D /* App State.swift */ = {isa = PBXFileReference; lastKnownFileType = sourcecode.swift; path = "App State.swift"; sourceTree = "<group>"; };
		6386E02E2A03ED39006B3C1D /* Comment Tracker.swift */ = {isa = PBXFileReference; lastKnownFileType = sourcecode.swift; path = "Comment Tracker.swift"; sourceTree = "<group>"; };
		6386E0302A0427B6006B3C1D /* View - Conditional Modifier.swift */ = {isa = PBXFileReference; lastKnownFileType = sourcecode.swift; path = "View - Conditional Modifier.swift"; sourceTree = "<group>"; };
		6386E0332A042C44006B3C1D /* Contributors View.swift */ = {isa = PBXFileReference; lastKnownFileType = sourcecode.swift; path = "Contributors View.swift"; sourceTree = "<group>"; };
		6386E0352A042C59006B3C1D /* Contributor.swift */ = {isa = PBXFileReference; lastKnownFileType = sourcecode.swift; path = Contributor.swift; sourceTree = "<group>"; };
		6386E0392A0455BC006B3C1D /* String - Contains Elements From Array.swift */ = {isa = PBXFileReference; lastKnownFileType = sourcecode.swift; path = "String - Contains Elements From Array.swift"; sourceTree = "<group>"; };
		6386E03F2A045723006B3C1D /* Website Icon Complex.swift */ = {isa = PBXFileReference; lastKnownFileType = sourcecode.swift; path = "Website Icon Complex.swift"; sourceTree = "<group>"; };
		6386E0412A04F6C2006B3C1D /* In-App Safari.swift */ = {isa = PBXFileReference; lastKnownFileType = sourcecode.swift; path = "In-App Safari.swift"; sourceTree = "<group>"; };
		6386E0462A050817006B3C1D /* Date - Parse ISO Date.swift */ = {isa = PBXFileReference; lastKnownFileType = sourcecode.swift; path = "Date - Parse ISO Date.swift"; sourceTree = "<group>"; };
		6399719727F465D70057F611 /* Comment List.swift */ = {isa = PBXFileReference; lastKnownFileType = sourcecode.swift; path = "Comment List.swift"; sourceTree = "<group>"; };
		63A08924285E625D00EE9BC0 /* Infinite Loader.swift */ = {isa = PBXFileReference; lastKnownFileType = sourcecode.swift; path = "Infinite Loader.swift"; sourceTree = "<group>"; };
		63A09B68285F53E9004F0032 /* Error View.swift */ = {isa = PBXFileReference; lastKnownFileType = sourcecode.swift; path = "Error View.swift"; sourceTree = "<group>"; };
		63ABCE0D27F894060047A7D0 /* User View.swift */ = {isa = PBXFileReference; lastKnownFileType = sourcecode.swift; path = "User View.swift"; sourceTree = "<group>"; };
		63DF71EB2A02986B002AC14E /* Send Command.swift */ = {isa = PBXFileReference; lastKnownFileType = sourcecode.swift; path = "Send Command.swift"; sourceTree = "<group>"; };
		63DF71F02A02999C002AC14E /* App Constants.swift */ = {isa = PBXFileReference; lastKnownFileType = sourcecode.swift; path = "App Constants.swift"; sourceTree = "<group>"; };
		63EAFDA227F5AEB700FEBE9C /* Reply View.swift */ = {isa = PBXFileReference; lastKnownFileType = sourcecode.swift; path = "Reply View.swift"; sourceTree = "<group>"; };
		63EBBF1A27FCAC3B00E70532 /* Search Sheet.swift */ = {isa = PBXFileReference; lastKnownFileType = sourcecode.swift; path = "Search Sheet.swift"; sourceTree = "<group>"; };
		63EBBF1D27FCAE0C00E70532 /* Search Field.swift */ = {isa = PBXFileReference; lastKnownFileType = sourcecode.swift; path = "Search Field.swift"; sourceTree = "<group>"; };
/* End PBXFileReference section */

/* Begin PBXFrameworksBuildPhase section */
		6363D5BE27EE196700E34822 /* Frameworks */ = {
			isa = PBXFrameworksBuildPhase;
			buildActionMask = 2147483647;
			files = (
				63DF71EF2A02988A002AC14E /* SwiftyJSON in Frameworks */,
			);
			runOnlyForDeploymentPostprocessing = 0;
		};
		6363D5D327EE196A00E34822 /* Frameworks */ = {
			isa = PBXFrameworksBuildPhase;
			buildActionMask = 2147483647;
			files = (
			);
			runOnlyForDeploymentPostprocessing = 0;
		};
		6363D5DD27EE196A00E34822 /* Frameworks */ = {
			isa = PBXFrameworksBuildPhase;
			buildActionMask = 2147483647;
			files = (
			);
			runOnlyForDeploymentPostprocessing = 0;
		};
/* End PBXFrameworksBuildPhase section */

/* Begin PBXGroup section */
		630049E927EF38EB00D5105B /* User-Interactable */ = {
			isa = PBXGroup;
			children = (
				6318EDC627EE4E1500BFCAE8 /* Post.swift */,
				6318EDC827EE4E1C00BFCAE8 /* Comment.swift */,
				6318EDCA27EE4E2200BFCAE8 /* User.swift */,
			);
			path = "User-Interactable";
			sourceTree = "<group>";
		};
		630049EB27EF390900D5105B /* Networking */ = {
			isa = PBXGroup;
			children = (
				63A08924285E625D00EE9BC0 /* Infinite Loader.swift */,
				63DF71EB2A02986B002AC14E /* Send Command.swift */,
			);
			path = Networking;
			sourceTree = "<group>";
		};
		6318DE5227FB956D00CC2AD6 /* Components */ = {
			isa = PBXGroup;
			children = (
				6332FDCB27EFD6F90009A98A /* Post Info.swift */,
				6332FDC927EFD6B70009A98A /* Post Interactions.swift */,
				6318DE5327FB958800CC2AD6 /* Stickied Tag.swift */,
			);
			path = Components;
			sourceTree = "<group>";
		};
		6318EDC427EE4E0500BFCAE8 /* Models */ = {
			isa = PBXGroup;
			children = (
				6386E03B2A045693006B3C1D /* Networking */,
				6386E0282A03D0B8006B3C1D /* Trackers */,
				630049E927EF38EB00D5105B /* User-Interactable */,
				6386E0352A042C59006B3C1D /* Contributor.swift */,
			);
			path = Models;
			sourceTree = "<group>";
		};
		6318EDC527EE4E0B00BFCAE8 /* Logic */ = {
			isa = PBXGroup;
			children = (
				6367F23B27F10E2D0074C36F /* Server Response Parsing */,
				630049EB27EF390900D5105B /* Networking */,
				6322A5D127F88CFD00135D4F /* Time Parser.swift */,
				6318DE5527FBAE3600CC2AD6 /* Share Sheet.swift */,
			);
			path = Logic;
			sourceTree = "<group>";
		};
		6322A5CE27F8628700135D4F /* Links */ = {
			isa = PBXGroup;
			children = (
				6322A5CF27F8629700135D4F /* User Profile Link.swift */,
			);
			path = Links;
			sourceTree = "<group>";
		};
		632E8EE327EE63B3007E8D75 /* Shared */ = {
			isa = PBXGroup;
			children = (
				6322A5CE27F8628700135D4F /* Links */,
				632E8EE427EE63BD007E8D75 /* Buttons */,
			);
			path = Shared;
			sourceTree = "<group>";
		};
		632E8EE427EE63BD007E8D75 /* Buttons */ = {
			isa = PBXGroup;
			children = (
				632E8EE527EE63D3007E8D75 /* Upvote.swift */,
				632E8EE727EE63DB007E8D75 /* Downvote.swift */,
				632E8EE927EE63F4007E8D75 /* Share.swift */,
			);
			path = Buttons;
			sourceTree = "<group>";
		};
		6332FDBE27EFB04E0009A98A /* Components */ = {
			isa = PBXGroup;
			children = (
				6332FDBF27EFB05F0009A98A /* Settings Item.swift */,
				6332FDD927F083590009A98A /* About Me.swift */,
			);
			path = Components;
			sourceTree = "<group>";
		};
		6332FDC127EFCB530009A98A /* Extensions */ = {
			isa = PBXGroup;
			children = (
				6332FDC227EFCB5F0009A98A /* Color.swift */,
				6386E0302A0427B6006B3C1D /* View - Conditional Modifier.swift */,
				6386E0392A0455BC006B3C1D /* String - Contains Elements From Array.swift */,
				6386E0462A050817006B3C1D /* Date - Parse ISO Date.swift */,
			);
			path = Extensions;
			sourceTree = "<group>";
		};
		6332FDC427EFD5CA0009A98A /* Components */ = {
			isa = PBXGroup;
			children = (
				6332FDD427F080FA0009A98A /* Community View */,
				6332FDCD27EFDD0A0009A98A /* Instance and Community List */,
			);
			path = Components;
			sourceTree = "<group>";
		};
		6332FDCD27EFDD0A0009A98A /* Instance and Community List */ = {
			isa = PBXGroup;
			children = (
				6332FDCE27EFDD2E0009A98A /* Instance and Community List View.swift */,
			);
			path = "Instance and Community List";
			sourceTree = "<group>";
		};
		6332FDD427F080FA0009A98A /* Community View */ = {
			isa = PBXGroup;
			children = (
				63EBBF1C27FCADEA00E70532 /* Community Search */,
				6332FDD527F081170009A98A /* Post Item */,
				6332FDD227F080EF0009A98A /* Community View.swift */,
			);
			path = "Community View";
			sourceTree = "<group>";
		};
		6332FDD527F081170009A98A /* Post Item */ = {
			isa = PBXGroup;
			children = (
				6318DE5227FB956D00CC2AD6 /* Components */,
				6318EDC227EE4D7F00BFCAE8 /* Post Item.swift */,
				6363D60327EE20A200E34822 /* Post Expanded.swift */,
			);
			path = "Post Item";
			sourceTree = "<group>";
		};
		6363D5B827EE196700E34822 = {
			isa = PBXGroup;
			children = (
				6363D5C327EE196700E34822 /* Mlem */,
				6363D5D927EE196A00E34822 /* MlemTests */,
				6363D5E327EE196A00E34822 /* MlemUITests */,
				6363D5C227EE196700E34822 /* Products */,
			);
			sourceTree = "<group>";
		};
		6363D5C227EE196700E34822 /* Products */ = {
			isa = PBXGroup;
			children = (
				6363D5C127EE196700E34822 /* Mlem.app */,
				6363D5D627EE196A00E34822 /* MlemTests.xctest */,
				6363D5E027EE196A00E34822 /* MlemUITests.xctest */,
			);
			name = Products;
			sourceTree = "<group>";
		};
		6363D5C327EE196700E34822 /* Mlem */ = {
			isa = PBXGroup;
			children = (
				630D753C27F65E44006E60C9 /* Info.plist */,
				6332FDC127EFCB530009A98A /* Extensions */,
				6318EDC527EE4E0B00BFCAE8 /* Logic */,
				6318EDC427EE4E0500BFCAE8 /* Models */,
				6363D5F327EE1BA900E34822 /* Views */,
				6363D5C427EE196700E34822 /* MlemApp.swift */,
				6363D5C627EE196700E34822 /* ContentView.swift */,
				6386E02B2A03D1EC006B3C1D /* App State.swift */,
				63DF71F02A02999C002AC14E /* App Constants.swift */,
				6363D5C827EE196A00E34822 /* Assets.xcassets */,
				6363D5CA27EE196A00E34822 /* Preview Content */,
				6332FDBC27EFAF7B0009A98A /* Settings.bundle */,
			);
			path = Mlem;
			sourceTree = "<group>";
		};
		6363D5CA27EE196A00E34822 /* Preview Content */ = {
			isa = PBXGroup;
			children = (
				6363D5CB27EE196A00E34822 /* Preview Assets.xcassets */,
			);
			path = "Preview Content";
			sourceTree = "<group>";
		};
		6363D5D927EE196A00E34822 /* MlemTests */ = {
			isa = PBXGroup;
			children = (
				6363D5DA27EE196A00E34822 /* MlemTests.swift */,
			);
			path = MlemTests;
			sourceTree = "<group>";
		};
		6363D5E327EE196A00E34822 /* MlemUITests */ = {
			isa = PBXGroup;
			children = (
				6363D5E427EE196A00E34822 /* MlemUITests.swift */,
				6363D5E627EE196A00E34822 /* MlemUITestsLaunchTests.swift */,
			);
			path = MlemUITests;
			sourceTree = "<group>";
		};
		6363D5F327EE1BA900E34822 /* Views */ = {
			isa = PBXGroup;
			children = (
				6386E03E2A04570F006B3C1D /* Shared */,
				6363D5F427EE1BAE00E34822 /* Tabs */,
			);
			path = Views;
			sourceTree = "<group>";
		};
		6363D5F427EE1BAE00E34822 /* Tabs */ = {
			isa = PBXGroup;
			children = (
				6363D5F627EE1BBC00E34822 /* Settings */,
				6363D5F527EE1BB700E34822 /* Posts */,
				6363D5F727EE1BCF00E34822 /* Posts View.swift */,
			);
			path = Tabs;
			sourceTree = "<group>";
		};
		6363D5F527EE1BB700E34822 /* Posts */ = {
			isa = PBXGroup;
			children = (
				6363D5FE27EE1E9600E34822 /* Components */,
			);
			path = Posts;
			sourceTree = "<group>";
		};
		6363D5F627EE1BBC00E34822 /* Settings */ = {
			isa = PBXGroup;
			children = (
				6386E0322A042C36006B3C1D /* Contributors */,
				6332FDBE27EFB04E0009A98A /* Components */,
				6363D5F927EE1BDA00E34822 /* Settings View.swift */,
			);
			path = Settings;
			sourceTree = "<group>";
		};
		6363D5FE27EE1E9600E34822 /* Components */ = {
			isa = PBXGroup;
			children = (
				63ABCE0B27F893F00047A7D0 /* User */,
				632E8EE327EE63B3007E8D75 /* Shared */,
				6363D60027EE1EA800E34822 /* Comment */,
				6363D5FF27EE1EA000E34822 /* Post */,
			);
			path = Components;
			sourceTree = "<group>";
		};
		6363D5FF27EE1EA000E34822 /* Post */ = {
			isa = PBXGroup;
			children = (
				6332FDC427EFD5CA0009A98A /* Components */,
			);
			path = Post;
			sourceTree = "<group>";
		};
		6363D60027EE1EA800E34822 /* Comment */ = {
			isa = PBXGroup;
			children = (
				6399719427F463150057F611 /* Components */,
				6399719727F465D70057F611 /* Comment List.swift */,
			);
			path = Comment;
			sourceTree = "<group>";
		};
		6367F23B27F10E2D0074C36F /* Server Response Parsing */ = {
			isa = PBXGroup;
			children = (
				6367F23C27F10E4E0074C36F /* Post Parser.swift */,
				6367F23E27F10E580074C36F /* Comment Parser.swift */,
				631891152A03B0AC00EDA8D1 /* Parse JSON.swift */,
			);
			path = "Server Response Parsing";
			sourceTree = "<group>";
		};
		6386E0282A03D0B8006B3C1D /* Trackers */ = {
			isa = PBXGroup;
			children = (
				6386E0292A03D0C3006B3C1D /* Post Tracker.swift */,
				6386E02E2A03ED39006B3C1D /* Comment Tracker.swift */,
			);
			path = Trackers;
			sourceTree = "<group>";
		};
		6386E0322A042C36006B3C1D /* Contributors */ = {
			isa = PBXGroup;
			children = (
				6386E0332A042C44006B3C1D /* Contributors View.swift */,
			);
			path = Contributors;
			sourceTree = "<group>";
		};
		6386E03B2A045693006B3C1D /* Networking */ = {
			isa = PBXGroup;
			children = (
			);
			path = Networking;
			sourceTree = "<group>";
		};
		6386E03E2A04570F006B3C1D /* Shared */ = {
			isa = PBXGroup;
			children = (
				63A09B68285F53E9004F0032 /* Error View.swift */,
				6322A5CA27F77A4D00135D4F /* Loading View.swift */,
				6386E03F2A045723006B3C1D /* Website Icon Complex.swift */,
				6386E0412A04F6C2006B3C1D /* In-App Safari.swift */,
			);
			path = Shared;
			sourceTree = "<group>";
		};
		6399719427F463150057F611 /* Components */ = {
			isa = PBXGroup;
			children = (
				6363D60127EE1EC400E34822 /* Comment Item.swift */,
				63EAFDA227F5AEB700FEBE9C /* Reply View.swift */,
			);
			path = Components;
			sourceTree = "<group>";
		};
		63ABCE0B27F893F00047A7D0 /* User */ = {
			isa = PBXGroup;
			children = (
				63ABCE0C27F893FB0047A7D0 /* Components */,
			);
			path = User;
			sourceTree = "<group>";
		};
		63ABCE0C27F893FB0047A7D0 /* Components */ = {
			isa = PBXGroup;
			children = (
				63ABCE0D27F894060047A7D0 /* User View.swift */,
			);
			path = Components;
			sourceTree = "<group>";
		};
		63EBBF1C27FCADEA00E70532 /* Community Search */ = {
			isa = PBXGroup;
			children = (
				63EBBF1A27FCAC3B00E70532 /* Search Sheet.swift */,
				63EBBF1D27FCAE0C00E70532 /* Search Field.swift */,
			);
			path = "Community Search";
			sourceTree = "<group>";
		};
/* End PBXGroup section */

/* Begin PBXNativeTarget section */
		6363D5C027EE196700E34822 /* Mlem */ = {
			isa = PBXNativeTarget;
			buildConfigurationList = 6363D5EA27EE196A00E34822 /* Build configuration list for PBXNativeTarget "Mlem" */;
			buildPhases = (
				6363D5BD27EE196700E34822 /* Sources */,
				6363D5BE27EE196700E34822 /* Frameworks */,
				6363D5BF27EE196700E34822 /* Resources */,
			);
			buildRules = (
			);
			dependencies = (
			);
			name = Mlem;
			packageProductDependencies = (
				63DF71EE2A02988A002AC14E /* SwiftyJSON */,
			);
			productName = Mlem;
			productReference = 6363D5C127EE196700E34822 /* Mlem.app */;
			productType = "com.apple.product-type.application";
		};
		6363D5D527EE196A00E34822 /* MlemTests */ = {
			isa = PBXNativeTarget;
			buildConfigurationList = 6363D5ED27EE196A00E34822 /* Build configuration list for PBXNativeTarget "MlemTests" */;
			buildPhases = (
				6363D5D227EE196A00E34822 /* Sources */,
				6363D5D327EE196A00E34822 /* Frameworks */,
				6363D5D427EE196A00E34822 /* Resources */,
			);
			buildRules = (
			);
			dependencies = (
				6363D5D827EE196A00E34822 /* PBXTargetDependency */,
			);
			name = MlemTests;
			productName = MlemTests;
			productReference = 6363D5D627EE196A00E34822 /* MlemTests.xctest */;
			productType = "com.apple.product-type.bundle.unit-test";
		};
		6363D5DF27EE196A00E34822 /* MlemUITests */ = {
			isa = PBXNativeTarget;
			buildConfigurationList = 6363D5F027EE196A00E34822 /* Build configuration list for PBXNativeTarget "MlemUITests" */;
			buildPhases = (
				6363D5DC27EE196A00E34822 /* Sources */,
				6363D5DD27EE196A00E34822 /* Frameworks */,
				6363D5DE27EE196A00E34822 /* Resources */,
			);
			buildRules = (
			);
			dependencies = (
				6363D5E227EE196A00E34822 /* PBXTargetDependency */,
			);
			name = MlemUITests;
			productName = MlemUITests;
			productReference = 6363D5E027EE196A00E34822 /* MlemUITests.xctest */;
			productType = "com.apple.product-type.bundle.ui-testing";
		};
/* End PBXNativeTarget section */

/* Begin PBXProject section */
		6363D5B927EE196700E34822 /* Project object */ = {
			isa = PBXProject;
			attributes = {
				BuildIndependentTargetsInParallel = 1;
				LastSwiftUpdateCheck = 1330;
				LastUpgradeCheck = 1330;
				TargetAttributes = {
					6363D5C027EE196700E34822 = {
						CreatedOnToolsVersion = 13.3;
					};
					6363D5D527EE196A00E34822 = {
						CreatedOnToolsVersion = 13.3;
						TestTargetID = 6363D5C027EE196700E34822;
					};
					6363D5DF27EE196A00E34822 = {
						CreatedOnToolsVersion = 13.3;
						TestTargetID = 6363D5C027EE196700E34822;
					};
				};
			};
			buildConfigurationList = 6363D5BC27EE196700E34822 /* Build configuration list for PBXProject "Mlem" */;
			compatibilityVersion = "Xcode 13.0";
			developmentRegion = en;
			hasScannedForEncodings = 0;
			knownRegions = (
				en,
				Base,
			);
			mainGroup = 6363D5B827EE196700E34822;
			packageReferences = (
				63DF71ED2A02988A002AC14E /* XCRemoteSwiftPackageReference "SwiftyJSON" */,
			);
			productRefGroup = 6363D5C227EE196700E34822 /* Products */;
			projectDirPath = "";
			projectRoot = "";
			targets = (
				6363D5C027EE196700E34822 /* Mlem */,
				6363D5D527EE196A00E34822 /* MlemTests */,
				6363D5DF27EE196A00E34822 /* MlemUITests */,
			);
		};
/* End PBXProject section */

/* Begin PBXResourcesBuildPhase section */
		6363D5BF27EE196700E34822 /* Resources */ = {
			isa = PBXResourcesBuildPhase;
			buildActionMask = 2147483647;
			files = (
				6363D5CC27EE196A00E34822 /* Preview Assets.xcassets in Resources */,
				6332FDBD27EFAF7C0009A98A /* Settings.bundle in Resources */,
				6363D5C927EE196A00E34822 /* Assets.xcassets in Resources */,
			);
			runOnlyForDeploymentPostprocessing = 0;
		};
		6363D5D427EE196A00E34822 /* Resources */ = {
			isa = PBXResourcesBuildPhase;
			buildActionMask = 2147483647;
			files = (
			);
			runOnlyForDeploymentPostprocessing = 0;
		};
		6363D5DE27EE196A00E34822 /* Resources */ = {
			isa = PBXResourcesBuildPhase;
			buildActionMask = 2147483647;
			files = (
			);
			runOnlyForDeploymentPostprocessing = 0;
		};
/* End PBXResourcesBuildPhase section */

/* Begin PBXSourcesBuildPhase section */
		6363D5BD27EE196700E34822 /* Sources */ = {
			isa = PBXSourcesBuildPhase;
			buildActionMask = 2147483647;
			files = (
				6332FDD327F080EF0009A98A /* Community View.swift in Sources */,
				6386E02F2A03ED39006B3C1D /* Comment Tracker.swift in Sources */,
				6318EDCB27EE4E2200BFCAE8 /* User.swift in Sources */,
				63EBBF1B27FCAC3B00E70532 /* Search Sheet.swift in Sources */,
				6332FDDA27F083590009A98A /* About Me.swift in Sources */,
				63A09B69285F53E9004F0032 /* Error View.swift in Sources */,
				631891162A03B0AC00EDA8D1 /* Parse JSON.swift in Sources */,
				63A08925285E625D00EE9BC0 /* Infinite Loader.swift in Sources */,
				6367F23D27F10E4E0074C36F /* Post Parser.swift in Sources */,
				6318EDC727EE4E1500BFCAE8 /* Post.swift in Sources */,
				6332FDCC27EFD6F90009A98A /* Post Info.swift in Sources */,
				6386E02A2A03D0C3006B3C1D /* Post Tracker.swift in Sources */,
				6318DE5627FBAE3600CC2AD6 /* Share Sheet.swift in Sources */,
				6386E02C2A03D1EC006B3C1D /* App State.swift in Sources */,
				6332FDC027EFB05F0009A98A /* Settings Item.swift in Sources */,
				6318EDC327EE4D7F00BFCAE8 /* Post Item.swift in Sources */,
				63EAFDA327F5AEB700FEBE9C /* Reply View.swift in Sources */,
				6386E0312A0427B6006B3C1D /* View - Conditional Modifier.swift in Sources */,
				6367F23F27F10E580074C36F /* Comment Parser.swift in Sources */,
				63DF71EC2A02986B002AC14E /* Send Command.swift in Sources */,
				6363D60427EE20A200E34822 /* Post Expanded.swift in Sources */,
				6363D5F827EE1BCF00E34822 /* Posts View.swift in Sources */,
				6363D60227EE1EC400E34822 /* Comment Item.swift in Sources */,
				6322A5D027F8629700135D4F /* User Profile Link.swift in Sources */,
				632E8EE827EE63DB007E8D75 /* Downvote.swift in Sources */,
				632E8EEA27EE63F4007E8D75 /* Share.swift in Sources */,
				6332FDC327EFCB5F0009A98A /* Color.swift in Sources */,
				63DF71F12A02999C002AC14E /* App Constants.swift in Sources */,
				6318EDC927EE4E1C00BFCAE8 /* Comment.swift in Sources */,
				6322A5D227F88CFD00135D4F /* Time Parser.swift in Sources */,
				63EBBF1E27FCAE0C00E70532 /* Search Field.swift in Sources */,
				6386E0402A045723006B3C1D /* Website Icon Complex.swift in Sources */,
				6363D5C727EE196700E34822 /* ContentView.swift in Sources */,
				6386E0472A050817006B3C1D /* Date - Parse ISO Date.swift in Sources */,
				632E8EE627EE63D3007E8D75 /* Upvote.swift in Sources */,
				6363D5FA27EE1BDA00E34822 /* Settings View.swift in Sources */,
				6322A5CB27F77A4D00135D4F /* Loading View.swift in Sources */,
				63ABCE0E27F894060047A7D0 /* User View.swift in Sources */,
				6318DE5427FB958800CC2AD6 /* Stickied Tag.swift in Sources */,
				6386E03A2A0455BC006B3C1D /* String - Contains Elements From Array.swift in Sources */,
				6386E0362A042C59006B3C1D /* Contributor.swift in Sources */,
				6386E0342A042C44006B3C1D /* Contributors View.swift in Sources */,
				6363D5C527EE196700E34822 /* MlemApp.swift in Sources */,
				6399719827F465D70057F611 /* Comment List.swift in Sources */,
				6332FDCF27EFDD2E0009A98A /* Instance and Community List View.swift in Sources */,
				6332FDCA27EFD6B70009A98A /* Post Interactions.swift in Sources */,
				6386E0422A04F6C2006B3C1D /* In-App Safari.swift in Sources */,
			);
			runOnlyForDeploymentPostprocessing = 0;
		};
		6363D5D227EE196A00E34822 /* Sources */ = {
			isa = PBXSourcesBuildPhase;
			buildActionMask = 2147483647;
			files = (
				6363D5DB27EE196A00E34822 /* MlemTests.swift in Sources */,
			);
			runOnlyForDeploymentPostprocessing = 0;
		};
		6363D5DC27EE196A00E34822 /* Sources */ = {
			isa = PBXSourcesBuildPhase;
			buildActionMask = 2147483647;
			files = (
				6363D5E527EE196A00E34822 /* MlemUITests.swift in Sources */,
				6363D5E727EE196A00E34822 /* MlemUITestsLaunchTests.swift in Sources */,
			);
			runOnlyForDeploymentPostprocessing = 0;
		};
/* End PBXSourcesBuildPhase section */

/* Begin PBXTargetDependency section */
		6363D5D827EE196A00E34822 /* PBXTargetDependency */ = {
			isa = PBXTargetDependency;
			target = 6363D5C027EE196700E34822 /* Mlem */;
			targetProxy = 6363D5D727EE196A00E34822 /* PBXContainerItemProxy */;
		};
		6363D5E227EE196A00E34822 /* PBXTargetDependency */ = {
			isa = PBXTargetDependency;
			target = 6363D5C027EE196700E34822 /* Mlem */;
			targetProxy = 6363D5E127EE196A00E34822 /* PBXContainerItemProxy */;
		};
/* End PBXTargetDependency section */

/* Begin XCBuildConfiguration section */
		6363D5E827EE196A00E34822 /* Debug */ = {
			isa = XCBuildConfiguration;
			buildSettings = {
				ALWAYS_SEARCH_USER_PATHS = NO;
				CLANG_ANALYZER_NONNULL = YES;
				CLANG_ANALYZER_NUMBER_OBJECT_CONVERSION = YES_AGGRESSIVE;
				CLANG_CXX_LANGUAGE_STANDARD = "gnu++17";
				CLANG_ENABLE_MODULES = YES;
				CLANG_ENABLE_OBJC_ARC = YES;
				CLANG_ENABLE_OBJC_WEAK = YES;
				CLANG_WARN_BLOCK_CAPTURE_AUTORELEASING = YES;
				CLANG_WARN_BOOL_CONVERSION = YES;
				CLANG_WARN_COMMA = YES;
				CLANG_WARN_CONSTANT_CONVERSION = YES;
				CLANG_WARN_DEPRECATED_OBJC_IMPLEMENTATIONS = YES;
				CLANG_WARN_DIRECT_OBJC_ISA_USAGE = YES_ERROR;
				CLANG_WARN_DOCUMENTATION_COMMENTS = YES;
				CLANG_WARN_EMPTY_BODY = YES;
				CLANG_WARN_ENUM_CONVERSION = YES;
				CLANG_WARN_INFINITE_RECURSION = YES;
				CLANG_WARN_INT_CONVERSION = YES;
				CLANG_WARN_NON_LITERAL_NULL_CONVERSION = YES;
				CLANG_WARN_OBJC_IMPLICIT_RETAIN_SELF = YES;
				CLANG_WARN_OBJC_LITERAL_CONVERSION = YES;
				CLANG_WARN_OBJC_ROOT_CLASS = YES_ERROR;
				CLANG_WARN_QUOTED_INCLUDE_IN_FRAMEWORK_HEADER = YES;
				CLANG_WARN_RANGE_LOOP_ANALYSIS = YES;
				CLANG_WARN_STRICT_PROTOTYPES = YES;
				CLANG_WARN_SUSPICIOUS_MOVE = YES;
				CLANG_WARN_UNGUARDED_AVAILABILITY = YES_AGGRESSIVE;
				CLANG_WARN_UNREACHABLE_CODE = YES;
				CLANG_WARN__DUPLICATE_METHOD_MATCH = YES;
				COPY_PHASE_STRIP = NO;
				DEBUG_INFORMATION_FORMAT = dwarf;
				ENABLE_STRICT_OBJC_MSGSEND = YES;
				ENABLE_TESTABILITY = YES;
				GCC_C_LANGUAGE_STANDARD = gnu11;
				GCC_DYNAMIC_NO_PIC = NO;
				GCC_NO_COMMON_BLOCKS = YES;
				GCC_OPTIMIZATION_LEVEL = 0;
				GCC_PREPROCESSOR_DEFINITIONS = (
					"DEBUG=1",
					"$(inherited)",
				);
				GCC_WARN_64_TO_32_BIT_CONVERSION = YES;
				GCC_WARN_ABOUT_RETURN_TYPE = YES_ERROR;
				GCC_WARN_UNDECLARED_SELECTOR = YES;
				GCC_WARN_UNINITIALIZED_AUTOS = YES_AGGRESSIVE;
				GCC_WARN_UNUSED_FUNCTION = YES;
				GCC_WARN_UNUSED_VARIABLE = YES;
				IPHONEOS_DEPLOYMENT_TARGET = 15.4;
				MTL_ENABLE_DEBUG_INFO = INCLUDE_SOURCE;
				MTL_FAST_MATH = YES;
				ONLY_ACTIVE_ARCH = YES;
				SDKROOT = iphoneos;
				SWIFT_ACTIVE_COMPILATION_CONDITIONS = DEBUG;
				SWIFT_OPTIMIZATION_LEVEL = "-Onone";
			};
			name = Debug;
		};
		6363D5E927EE196A00E34822 /* Release */ = {
			isa = XCBuildConfiguration;
			buildSettings = {
				ALWAYS_SEARCH_USER_PATHS = NO;
				CLANG_ANALYZER_NONNULL = YES;
				CLANG_ANALYZER_NUMBER_OBJECT_CONVERSION = YES_AGGRESSIVE;
				CLANG_CXX_LANGUAGE_STANDARD = "gnu++17";
				CLANG_ENABLE_MODULES = YES;
				CLANG_ENABLE_OBJC_ARC = YES;
				CLANG_ENABLE_OBJC_WEAK = YES;
				CLANG_WARN_BLOCK_CAPTURE_AUTORELEASING = YES;
				CLANG_WARN_BOOL_CONVERSION = YES;
				CLANG_WARN_COMMA = YES;
				CLANG_WARN_CONSTANT_CONVERSION = YES;
				CLANG_WARN_DEPRECATED_OBJC_IMPLEMENTATIONS = YES;
				CLANG_WARN_DIRECT_OBJC_ISA_USAGE = YES_ERROR;
				CLANG_WARN_DOCUMENTATION_COMMENTS = YES;
				CLANG_WARN_EMPTY_BODY = YES;
				CLANG_WARN_ENUM_CONVERSION = YES;
				CLANG_WARN_INFINITE_RECURSION = YES;
				CLANG_WARN_INT_CONVERSION = YES;
				CLANG_WARN_NON_LITERAL_NULL_CONVERSION = YES;
				CLANG_WARN_OBJC_IMPLICIT_RETAIN_SELF = YES;
				CLANG_WARN_OBJC_LITERAL_CONVERSION = YES;
				CLANG_WARN_OBJC_ROOT_CLASS = YES_ERROR;
				CLANG_WARN_QUOTED_INCLUDE_IN_FRAMEWORK_HEADER = YES;
				CLANG_WARN_RANGE_LOOP_ANALYSIS = YES;
				CLANG_WARN_STRICT_PROTOTYPES = YES;
				CLANG_WARN_SUSPICIOUS_MOVE = YES;
				CLANG_WARN_UNGUARDED_AVAILABILITY = YES_AGGRESSIVE;
				CLANG_WARN_UNREACHABLE_CODE = YES;
				CLANG_WARN__DUPLICATE_METHOD_MATCH = YES;
				COPY_PHASE_STRIP = NO;
				DEBUG_INFORMATION_FORMAT = "dwarf-with-dsym";
				ENABLE_NS_ASSERTIONS = NO;
				ENABLE_STRICT_OBJC_MSGSEND = YES;
				GCC_C_LANGUAGE_STANDARD = gnu11;
				GCC_NO_COMMON_BLOCKS = YES;
				GCC_WARN_64_TO_32_BIT_CONVERSION = YES;
				GCC_WARN_ABOUT_RETURN_TYPE = YES_ERROR;
				GCC_WARN_UNDECLARED_SELECTOR = YES;
				GCC_WARN_UNINITIALIZED_AUTOS = YES_AGGRESSIVE;
				GCC_WARN_UNUSED_FUNCTION = YES;
				GCC_WARN_UNUSED_VARIABLE = YES;
				IPHONEOS_DEPLOYMENT_TARGET = 15.4;
				MTL_ENABLE_DEBUG_INFO = NO;
				MTL_FAST_MATH = YES;
				SDKROOT = iphoneos;
				SWIFT_COMPILATION_MODE = wholemodule;
				SWIFT_OPTIMIZATION_LEVEL = "-O";
				VALIDATE_PRODUCT = YES;
			};
			name = Release;
		};
		6363D5EB27EE196A00E34822 /* Debug */ = {
			isa = XCBuildConfiguration;
			buildSettings = {
				ASSETCATALOG_COMPILER_APPICON_NAME = AppIcon;
				ASSETCATALOG_COMPILER_GLOBAL_ACCENT_COLOR_NAME = AccentColor;
				CODE_SIGN_STYLE = Automatic;
				CURRENT_PROJECT_VERSION = 1;
				DEVELOPMENT_ASSET_PATHS = "\"Mlem/Preview Content\"";
				DEVELOPMENT_TEAM = ZSVA6DVZHM;
				ENABLE_PREVIEWS = YES;
				GENERATE_INFOPLIST_FILE = YES;
				INFOPLIST_FILE = Mlem/Info.plist;
				INFOPLIST_KEY_UIApplicationSceneManifest_Generation = YES;
				INFOPLIST_KEY_UIApplicationSupportsIndirectInputEvents = YES;
				INFOPLIST_KEY_UILaunchScreen_Generation = YES;
				INFOPLIST_KEY_UISupportedInterfaceOrientations = UIInterfaceOrientationPortrait;
				INFOPLIST_KEY_UISupportedInterfaceOrientations_iPad = "UIInterfaceOrientationPortrait UIInterfaceOrientationPortraitUpsideDown UIInterfaceOrientationLandscapeLeft UIInterfaceOrientationLandscapeRight";
				INFOPLIST_KEY_UISupportedInterfaceOrientations_iPhone = "UIInterfaceOrientationPortrait UIInterfaceOrientationLandscapeLeft UIInterfaceOrientationLandscapeRight";
				LD_RUNPATH_SEARCH_PATHS = (
					"$(inherited)",
					"@executable_path/Frameworks",
				);
				MARKETING_VERSION = 0.0.1;
				PRODUCT_BUNDLE_IDENTIFIER = com.davidbures.Mlem;
				PRODUCT_NAME = "$(TARGET_NAME)";
				SWIFT_EMIT_LOC_STRINGS = YES;
				SWIFT_VERSION = 5.0;
				TARGETED_DEVICE_FAMILY = 1;
			};
			name = Debug;
		};
		6363D5EC27EE196A00E34822 /* Release */ = {
			isa = XCBuildConfiguration;
			buildSettings = {
				ASSETCATALOG_COMPILER_APPICON_NAME = AppIcon;
				ASSETCATALOG_COMPILER_GLOBAL_ACCENT_COLOR_NAME = AccentColor;
				CODE_SIGN_STYLE = Automatic;
				CURRENT_PROJECT_VERSION = 1;
				DEVELOPMENT_ASSET_PATHS = "\"Mlem/Preview Content\"";
				DEVELOPMENT_TEAM = ZSVA6DVZHM;
				ENABLE_PREVIEWS = YES;
				GENERATE_INFOPLIST_FILE = YES;
				INFOPLIST_FILE = Mlem/Info.plist;
				INFOPLIST_KEY_UIApplicationSceneManifest_Generation = YES;
				INFOPLIST_KEY_UIApplicationSupportsIndirectInputEvents = YES;
				INFOPLIST_KEY_UILaunchScreen_Generation = YES;
				INFOPLIST_KEY_UISupportedInterfaceOrientations = UIInterfaceOrientationPortrait;
				INFOPLIST_KEY_UISupportedInterfaceOrientations_iPad = "UIInterfaceOrientationPortrait UIInterfaceOrientationPortraitUpsideDown UIInterfaceOrientationLandscapeLeft UIInterfaceOrientationLandscapeRight";
				INFOPLIST_KEY_UISupportedInterfaceOrientations_iPhone = "UIInterfaceOrientationPortrait UIInterfaceOrientationLandscapeLeft UIInterfaceOrientationLandscapeRight";
				LD_RUNPATH_SEARCH_PATHS = (
					"$(inherited)",
					"@executable_path/Frameworks",
				);
				MARKETING_VERSION = 0.0.1;
				PRODUCT_BUNDLE_IDENTIFIER = com.davidbures.Mlem;
				PRODUCT_NAME = "$(TARGET_NAME)";
				SWIFT_EMIT_LOC_STRINGS = YES;
				SWIFT_VERSION = 5.0;
				TARGETED_DEVICE_FAMILY = 1;
			};
			name = Release;
		};
		6363D5EE27EE196A00E34822 /* Debug */ = {
			isa = XCBuildConfiguration;
			buildSettings = {
				ALWAYS_EMBED_SWIFT_STANDARD_LIBRARIES = YES;
				BUNDLE_LOADER = "$(TEST_HOST)";
				CODE_SIGN_STYLE = Automatic;
				CURRENT_PROJECT_VERSION = 1;
				DEVELOPMENT_TEAM = ZSVA6DVZHM;
				GENERATE_INFOPLIST_FILE = YES;
				IPHONEOS_DEPLOYMENT_TARGET = 15.4;
				MARKETING_VERSION = 1.0;
				PRODUCT_BUNDLE_IDENTIFIER = com.davidbures.MlemTests;
				PRODUCT_NAME = "$(TARGET_NAME)";
				SWIFT_EMIT_LOC_STRINGS = NO;
				SWIFT_VERSION = 5.0;
				TARGETED_DEVICE_FAMILY = "1,2";
				TEST_HOST = "$(BUILT_PRODUCTS_DIR)/Mlem.app/Mlem";
			};
			name = Debug;
		};
		6363D5EF27EE196A00E34822 /* Release */ = {
			isa = XCBuildConfiguration;
			buildSettings = {
				ALWAYS_EMBED_SWIFT_STANDARD_LIBRARIES = YES;
				BUNDLE_LOADER = "$(TEST_HOST)";
				CODE_SIGN_STYLE = Automatic;
				CURRENT_PROJECT_VERSION = 1;
				DEVELOPMENT_TEAM = ZSVA6DVZHM;
				GENERATE_INFOPLIST_FILE = YES;
				IPHONEOS_DEPLOYMENT_TARGET = 15.4;
				MARKETING_VERSION = 1.0;
				PRODUCT_BUNDLE_IDENTIFIER = com.davidbures.MlemTests;
				PRODUCT_NAME = "$(TARGET_NAME)";
				SWIFT_EMIT_LOC_STRINGS = NO;
				SWIFT_VERSION = 5.0;
				TARGETED_DEVICE_FAMILY = "1,2";
				TEST_HOST = "$(BUILT_PRODUCTS_DIR)/Mlem.app/Mlem";
			};
			name = Release;
		};
		6363D5F127EE196A00E34822 /* Debug */ = {
			isa = XCBuildConfiguration;
			buildSettings = {
				ALWAYS_EMBED_SWIFT_STANDARD_LIBRARIES = YES;
				CODE_SIGN_STYLE = Automatic;
				CURRENT_PROJECT_VERSION = 1;
				DEVELOPMENT_TEAM = ZSVA6DVZHM;
				GENERATE_INFOPLIST_FILE = YES;
				MARKETING_VERSION = 1.0;
				PRODUCT_BUNDLE_IDENTIFIER = com.davidbures.MlemUITests;
				PRODUCT_NAME = "$(TARGET_NAME)";
				SWIFT_EMIT_LOC_STRINGS = NO;
				SWIFT_VERSION = 5.0;
				TARGETED_DEVICE_FAMILY = "1,2";
				TEST_TARGET_NAME = Mlem;
			};
			name = Debug;
		};
		6363D5F227EE196A00E34822 /* Release */ = {
			isa = XCBuildConfiguration;
			buildSettings = {
				ALWAYS_EMBED_SWIFT_STANDARD_LIBRARIES = YES;
				CODE_SIGN_STYLE = Automatic;
				CURRENT_PROJECT_VERSION = 1;
				DEVELOPMENT_TEAM = ZSVA6DVZHM;
				GENERATE_INFOPLIST_FILE = YES;
				MARKETING_VERSION = 1.0;
				PRODUCT_BUNDLE_IDENTIFIER = com.davidbures.MlemUITests;
				PRODUCT_NAME = "$(TARGET_NAME)";
				SWIFT_EMIT_LOC_STRINGS = NO;
				SWIFT_VERSION = 5.0;
				TARGETED_DEVICE_FAMILY = "1,2";
				TEST_TARGET_NAME = Mlem;
			};
			name = Release;
		};
/* End XCBuildConfiguration section */

/* Begin XCConfigurationList section */
		6363D5BC27EE196700E34822 /* Build configuration list for PBXProject "Mlem" */ = {
			isa = XCConfigurationList;
			buildConfigurations = (
				6363D5E827EE196A00E34822 /* Debug */,
				6363D5E927EE196A00E34822 /* Release */,
			);
			defaultConfigurationIsVisible = 0;
			defaultConfigurationName = Release;
		};
		6363D5EA27EE196A00E34822 /* Build configuration list for PBXNativeTarget "Mlem" */ = {
			isa = XCConfigurationList;
			buildConfigurations = (
				6363D5EB27EE196A00E34822 /* Debug */,
				6363D5EC27EE196A00E34822 /* Release */,
			);
			defaultConfigurationIsVisible = 0;
			defaultConfigurationName = Release;
		};
		6363D5ED27EE196A00E34822 /* Build configuration list for PBXNativeTarget "MlemTests" */ = {
			isa = XCConfigurationList;
			buildConfigurations = (
				6363D5EE27EE196A00E34822 /* Debug */,
				6363D5EF27EE196A00E34822 /* Release */,
			);
			defaultConfigurationIsVisible = 0;
			defaultConfigurationName = Release;
		};
		6363D5F027EE196A00E34822 /* Build configuration list for PBXNativeTarget "MlemUITests" */ = {
			isa = XCConfigurationList;
			buildConfigurations = (
				6363D5F127EE196A00E34822 /* Debug */,
				6363D5F227EE196A00E34822 /* Release */,
			);
			defaultConfigurationIsVisible = 0;
			defaultConfigurationName = Release;
		};
/* End XCConfigurationList section */

/* Begin XCRemoteSwiftPackageReference section */
		63DF71ED2A02988A002AC14E /* XCRemoteSwiftPackageReference "SwiftyJSON" */ = {
			isa = XCRemoteSwiftPackageReference;
			repositoryURL = "https://github.com/SwiftyJSON/SwiftyJSON";
			requirement = {
				kind = upToNextMajorVersion;
				minimumVersion = 5.0.0;
			};
		};
/* End XCRemoteSwiftPackageReference section */

/* Begin XCSwiftPackageProductDependency section */
		63DF71EE2A02988A002AC14E /* SwiftyJSON */ = {
			isa = XCSwiftPackageProductDependency;
			package = 63DF71ED2A02988A002AC14E /* XCRemoteSwiftPackageReference "SwiftyJSON" */;
			productName = SwiftyJSON;
		};
/* End XCSwiftPackageProductDependency section */
	};
	rootObject = 6363D5B927EE196700E34822 /* Project object */;
}
